// !$*UTF8*$!
{
	archiveVersion = 1;
	classes = {
	};
	objectVersion = 51;
	objects = {

/* Begin PBXBuildFile section */
		DE12ABD825A73C7A00F2E0C5 /* AppDelegate.swift in Sources */ = {isa = PBXBuildFile; fileRef = DE12ABD725A73C7A00F2E0C5 /* AppDelegate.swift */; };
		DE12ABDA25A73C7A00F2E0C5 /* ViewController.swift in Sources */ = {isa = PBXBuildFile; fileRef = DE12ABD925A73C7A00F2E0C5 /* ViewController.swift */; };
		DE12ABDD25A73C7A00F2E0C5 /* Main.storyboard in Resources */ = {isa = PBXBuildFile; fileRef = DE12ABDB25A73C7A00F2E0C5 /* Main.storyboard */; };
		DE12ABDF25A73C7C00F2E0C5 /* Assets.xcassets in Resources */ = {isa = PBXBuildFile; fileRef = DE12ABDE25A73C7C00F2E0C5 /* Assets.xcassets */; };
		DE12ABE225A73C7C00F2E0C5 /* LaunchScreen.storyboard in Resources */ = {isa = PBXBuildFile; fileRef = DE12ABE025A73C7C00F2E0C5 /* LaunchScreen.storyboard */; };
		DE12ABED25A741FB00F2E0C5 /* FilmeDetalhes.swift in Sources */ = {isa = PBXBuildFile; fileRef = DE12ABEC25A741FB00F2E0C5 /* FilmeDetalhes.swift */; };
		DE28C8A525A896440059625C /* FilmeCollectionViewCell.swift in Sources */ = {isa = PBXBuildFile; fileRef = DE28C8A425A896440059625C /* FilmeCollectionViewCell.swift */; };
		DE28C8A925A8A5E00059625C /* FilmeDAO.swift in Sources */ = {isa = PBXBuildFile; fileRef = DE28C8A825A8A5E00059625C /* FilmeDAO.swift */; };
		DE28C8AE25AA626D0059625C /* Filme.swift in Sources */ = {isa = PBXBuildFile; fileRef = DE28C8AD25AA626D0059625C /* Filme.swift */; };
		DE530B2225A76D5100BB782A /* FilmeAPI.swift in Sources */ = {isa = PBXBuildFile; fileRef = DE530B2125A76D5100BB782A /* FilmeAPI.swift */; };
/* End PBXBuildFile section */

/* Begin PBXFileReference section */
		40DB082DD17BBA55AF005290 /* Pods-MoviEveris.release.xcconfig */ = {isa = PBXFileReference; includeInIndex = 1; lastKnownFileType = text.xcconfig; name = "Pods-MoviEveris.release.xcconfig"; path = "Target Support Files/Pods-MoviEveris/Pods-MoviEveris.release.xcconfig"; sourceTree = "<group>"; };
		50D868C4CC57A9647337C312 /* Pods-MoviEveris.debug.xcconfig */ = {isa = PBXFileReference; includeInIndex = 1; lastKnownFileType = text.xcconfig; name = "Pods-MoviEveris.debug.xcconfig"; path = "Target Support Files/Pods-MoviEveris/Pods-MoviEveris.debug.xcconfig"; sourceTree = "<group>"; };
		DE12ABD425A73C7A00F2E0C5 /* MoviEveris.app */ = {isa = PBXFileReference; explicitFileType = wrapper.application; includeInIndex = 0; path = MoviEveris.app; sourceTree = BUILT_PRODUCTS_DIR; };
		DE12ABD725A73C7A00F2E0C5 /* AppDelegate.swift */ = {isa = PBXFileReference; lastKnownFileType = sourcecode.swift; path = AppDelegate.swift; sourceTree = "<group>"; };
		DE12ABD925A73C7A00F2E0C5 /* ViewController.swift */ = {isa = PBXFileReference; lastKnownFileType = sourcecode.swift; path = ViewController.swift; sourceTree = "<group>"; };
		DE12ABDC25A73C7A00F2E0C5 /* Base */ = {isa = PBXFileReference; lastKnownFileType = file.storyboard; name = Base; path = Base.lproj/Main.storyboard; sourceTree = "<group>"; };
		DE12ABDE25A73C7C00F2E0C5 /* Assets.xcassets */ = {isa = PBXFileReference; lastKnownFileType = folder.assetcatalog; path = Assets.xcassets; sourceTree = "<group>"; };
		DE12ABE125A73C7C00F2E0C5 /* Base */ = {isa = PBXFileReference; lastKnownFileType = file.storyboard; name = Base; path = Base.lproj/LaunchScreen.storyboard; sourceTree = "<group>"; };
		DE12ABE325A73C7C00F2E0C5 /* Info.plist */ = {isa = PBXFileReference; lastKnownFileType = text.plist.xml; path = Info.plist; sourceTree = "<group>"; };
		DE12ABEC25A741FB00F2E0C5 /* FilmeDetalhes.swift */ = {isa = PBXFileReference; lastKnownFileType = sourcecode.swift; path = FilmeDetalhes.swift; sourceTree = "<group>"; };
		DE28C8A425A896440059625C /* FilmeCollectionViewCell.swift */ = {isa = PBXFileReference; lastKnownFileType = sourcecode.swift; path = FilmeCollectionViewCell.swift; sourceTree = "<group>"; };
		DE28C8A825A8A5E00059625C /* FilmeDAO.swift */ = {isa = PBXFileReference; lastKnownFileType = sourcecode.swift; path = FilmeDAO.swift; sourceTree = "<group>"; };
		DE28C8AD25AA626D0059625C /* Filme.swift */ = {isa = PBXFileReference; lastKnownFileType = sourcecode.swift; path = Filme.swift; sourceTree = "<group>"; };
		DE530B2125A76D5100BB782A /* FilmeAPI.swift */ = {isa = PBXFileReference; lastKnownFileType = sourcecode.swift; path = FilmeAPI.swift; sourceTree = "<group>"; };
/* End PBXFileReference section */

/* Begin PBXFrameworksBuildPhase section */
		DE12ABD125A73C7A00F2E0C5 /* Frameworks */ = {
			isa = PBXFrameworksBuildPhase;
			buildActionMask = 2147483647;
			files = (
			);
			runOnlyForDeploymentPostprocessing = 0;
		};
/* End PBXFrameworksBuildPhase section */

/* Begin PBXGroup section */
		242DE31E612BD9BB8C4C4987 /* Pods */ = {
			isa = PBXGroup;
			children = (
				50D868C4CC57A9647337C312 /* Pods-MoviEveris.debug.xcconfig */,
				40DB082DD17BBA55AF005290 /* Pods-MoviEveris.release.xcconfig */,
			);
			path = Pods;
			sourceTree = "<group>";
		};
		DE12ABCB25A73C7A00F2E0C5 = {
			isa = PBXGroup;
			children = (
				DE12ABD625A73C7A00F2E0C5 /* MoviEveris */,
				DE12ABD525A73C7A00F2E0C5 /* Products */,
				242DE31E612BD9BB8C4C4987 /* Pods */,
			);
			sourceTree = "<group>";
		};
		DE12ABD525A73C7A00F2E0C5 /* Products */ = {
			isa = PBXGroup;
			children = (
				DE12ABD425A73C7A00F2E0C5 /* MoviEveris.app */,
			);
			name = Products;
			sourceTree = "<group>";
		};
		DE12ABD625A73C7A00F2E0C5 /* MoviEveris */ = {
			isa = PBXGroup;
			children = (
				DE12ABD725A73C7A00F2E0C5 /* AppDelegate.swift */,
				DE12ABEB25A73E2B00F2E0C5 /* Model */,
				DE12ABEA25A73E2100F2E0C5 /* View */,
				DE12ABE925A73E1700F2E0C5 /* Controller */,
				DE12ABDE25A73C7C00F2E0C5 /* Assets.xcassets */,
				DE12ABDB25A73C7A00F2E0C5 /* Main.storyboard */,
				DE12ABE025A73C7C00F2E0C5 /* LaunchScreen.storyboard */,
				DE12ABE325A73C7C00F2E0C5 /* Info.plist */,
			);
			path = MoviEveris;
			sourceTree = "<group>";
		};
		DE12ABE925A73E1700F2E0C5 /* Controller */ = {
			isa = PBXGroup;
			children = (
				DE12ABD925A73C7A00F2E0C5 /* ViewController.swift */,
			);
			path = Controller;
			sourceTree = "<group>";
		};
		DE12ABEA25A73E2100F2E0C5 /* View */ = {
			isa = PBXGroup;
			children = (
				DE28C8A425A896440059625C /* FilmeCollectionViewCell.swift */,
			);
			path = View;
			sourceTree = "<group>";
		};
		DE12ABEB25A73E2B00F2E0C5 /* Model */ = {
			isa = PBXGroup;
			children = (
				DE12ABEC25A741FB00F2E0C5 /* FilmeDetalhes.swift */,
				DE530B2125A76D5100BB782A /* FilmeAPI.swift */,
				DE28C8A825A8A5E00059625C /* FilmeDAO.swift */,
				DE28C8AD25AA626D0059625C /* Filme.swift */,
			);
			path = Model;
			sourceTree = "<group>";
		};
/* End PBXGroup section */

/* Begin PBXNativeTarget section */
		DE12ABD325A73C7A00F2E0C5 /* MoviEveris */ = {
			isa = PBXNativeTarget;
			buildConfigurationList = DE12ABE625A73C7C00F2E0C5 /* Build configuration list for PBXNativeTarget "MoviEveris" */;
			buildPhases = (
				B5573BF52D364EA31AABAB5D /* [CP] Check Pods Manifest.lock */,
				DE12ABD025A73C7A00F2E0C5 /* Sources */,
				DE12ABD125A73C7A00F2E0C5 /* Frameworks */,
				DE12ABD225A73C7A00F2E0C5 /* Resources */,
				6AF1096EBE76BAB12AF1AADE /* [CP] Embed Pods Frameworks */,
			);
			buildRules = (
			);
			dependencies = (
			);
			name = MoviEveris;
			productName = MoviEveris;
			productReference = DE12ABD425A73C7A00F2E0C5 /* MoviEveris.app */;
			productType = "com.apple.product-type.application";
		};
/* End PBXNativeTarget section */

/* Begin PBXProject section */
		DE12ABCC25A73C7A00F2E0C5 /* Project object */ = {
			isa = PBXProject;
			attributes = {
				LastSwiftUpdateCheck = 1010;
				LastUpgradeCheck = 1010;
				ORGANIZATIONNAME = "Mathias Almeida Nonohay";
				TargetAttributes = {
					DE12ABD325A73C7A00F2E0C5 = {
						CreatedOnToolsVersion = 10.1;
					};
				};
			};
			buildConfigurationList = DE12ABCF25A73C7A00F2E0C5 /* Build configuration list for PBXProject "MoviEveris" */;
			compatibilityVersion = "Xcode 9.3";
			developmentRegion = en;
			hasScannedForEncodings = 0;
			knownRegions = (
				en,
				Base,
			);
			mainGroup = DE12ABCB25A73C7A00F2E0C5;
			productRefGroup = DE12ABD525A73C7A00F2E0C5 /* Products */;
			projectDirPath = "";
			projectRoot = "";
			targets = (
				DE12ABD325A73C7A00F2E0C5 /* MoviEveris */,
			);
		};
/* End PBXProject section */

/* Begin PBXResourcesBuildPhase section */
		DE12ABD225A73C7A00F2E0C5 /* Resources */ = {
			isa = PBXResourcesBuildPhase;
			buildActionMask = 2147483647;
			files = (
				DE12ABE225A73C7C00F2E0C5 /* LaunchScreen.storyboard in Resources */,
				DE12ABDF25A73C7C00F2E0C5 /* Assets.xcassets in Resources */,
				DE12ABDD25A73C7A00F2E0C5 /* Main.storyboard in Resources */,
			);
			runOnlyForDeploymentPostprocessing = 0;
		};
/* End PBXResourcesBuildPhase section */

/* Begin PBXShellScriptBuildPhase section */
		6AF1096EBE76BAB12AF1AADE /* [CP] Embed Pods Frameworks */ = {
			isa = PBXShellScriptBuildPhase;
			buildActionMask = 2147483647;
			files = (
			);
			inputFileListPaths = (
				"${PODS_ROOT}/Target Support Files/Pods-MoviEveris/Pods-MoviEveris-frameworks-${CONFIGURATION}-input-files.xcfilelist",
			);
			name = "[CP] Embed Pods Frameworks";
			outputFileListPaths = (
				"${PODS_ROOT}/Target Support Files/Pods-MoviEveris/Pods-MoviEveris-frameworks-${CONFIGURATION}-output-files.xcfilelist",
			);
			runOnlyForDeploymentPostprocessing = 0;
			shellPath = /bin/sh;
			shellScript = "\"${PODS_ROOT}/Target Support Files/Pods-MoviEveris/Pods-MoviEveris-frameworks.sh\"\n";
			showEnvVarsInLog = 0;
		};
		B5573BF52D364EA31AABAB5D /* [CP] Check Pods Manifest.lock */ = {
			isa = PBXShellScriptBuildPhase;
			buildActionMask = 2147483647;
			files = (
			);
			inputFileListPaths = (
			);
			inputPaths = (
				"${PODS_PODFILE_DIR_PATH}/Podfile.lock",
				"${PODS_ROOT}/Manifest.lock",
			);
			name = "[CP] Check Pods Manifest.lock";
			outputFileListPaths = (
			);
			outputPaths = (
				"$(DERIVED_FILE_DIR)/Pods-MoviEveris-checkManifestLockResult.txt",
			);
			runOnlyForDeploymentPostprocessing = 0;
			shellPath = /bin/sh;
			shellScript = "diff \"${PODS_PODFILE_DIR_PATH}/Podfile.lock\" \"${PODS_ROOT}/Manifest.lock\" > /dev/null\nif [ $? != 0 ] ; then\n    # print error to STDERR\n    echo \"error: The sandbox is not in sync with the Podfile.lock. Run 'pod install' or update your CocoaPods installation.\" >&2\n    exit 1\nfi\n# This output is used by Xcode 'outputs' to avoid re-running this script phase.\necho \"SUCCESS\" > \"${SCRIPT_OUTPUT_FILE_0}\"\n";
			showEnvVarsInLog = 0;
		};
/* End PBXShellScriptBuildPhase section */

/* Begin PBXSourcesBuildPhase section */
		DE12ABD025A73C7A00F2E0C5 /* Sources */ = {
			isa = PBXSourcesBuildPhase;
			buildActionMask = 2147483647;
			files = (
				DE530B2225A76D5100BB782A /* FilmeAPI.swift in Sources */,
				DE12ABDA25A73C7A00F2E0C5 /* ViewController.swift in Sources */,
				DE12ABED25A741FB00F2E0C5 /* FilmeDetalhes.swift in Sources */,
				DE28C8AE25AA626D0059625C /* Filme.swift in Sources */,
				DE12ABD825A73C7A00F2E0C5 /* AppDelegate.swift in Sources */,
				DE28C8A525A896440059625C /* FilmeCollectionViewCell.swift in Sources */,
				DE28C8A925A8A5E00059625C /* FilmeDAO.swift in Sources */,
			);
			runOnlyForDeploymentPostprocessing = 0;
		};
/* End PBXSourcesBuildPhase section */

/* Begin PBXVariantGroup section */
		DE12ABDB25A73C7A00F2E0C5 /* Main.storyboard */ = {
			isa = PBXVariantGroup;
			children = (
				DE12ABDC25A73C7A00F2E0C5 /* Base */,
			);
			name = Main.storyboard;
			sourceTree = "<group>";
		};
		DE12ABE025A73C7C00F2E0C5 /* LaunchScreen.storyboard */ = {
			isa = PBXVariantGroup;
			children = (
				DE12ABE125A73C7C00F2E0C5 /* Base */,
			);
			name = LaunchScreen.storyboard;
			sourceTree = "<group>";
		};
/* End PBXVariantGroup section */

/* Begin XCBuildConfiguration section */
		DE12ABE425A73C7C00F2E0C5 /* Debug */ = {
			isa = XCBuildConfiguration;
			buildSettings = {
				ALWAYS_SEARCH_USER_PATHS = NO;
				CLANG_ANALYZER_NONNULL = YES;
				CLANG_ANALYZER_NUMBER_OBJECT_CONVERSION = YES_AGGRESSIVE;
				CLANG_CXX_LANGUAGE_STANDARD = "gnu++14";
				CLANG_CXX_LIBRARY = "libc++";
				CLANG_ENABLE_MODULES = YES;
				CLANG_ENABLE_OBJC_ARC = YES;
				CLANG_ENABLE_OBJC_WEAK = YES;
				CLANG_WARN_BLOCK_CAPTURE_AUTORELEASING = YES;
				CLANG_WARN_BOOL_CONVERSION = YES;
				CLANG_WARN_COMMA = YES;
				CLANG_WARN_CONSTANT_CONVERSION = YES;
				CLANG_WARN_DEPRECATED_OBJC_IMPLEMENTATIONS = YES;
				CLANG_WARN_DIRECT_OBJC_ISA_USAGE = YES_ERROR;
				CLANG_WARN_DOCUMENTATION_COMMENTS = YES;
				CLANG_WARN_EMPTY_BODY = YES;
				CLANG_WARN_ENUM_CONVERSION = YES;
				CLANG_WARN_INFINITE_RECURSION = YES;
				CLANG_WARN_INT_CONVERSION = YES;
				CLANG_WARN_NON_LITERAL_NULL_CONVERSION = YES;
				CLANG_WARN_OBJC_IMPLICIT_RETAIN_SELF = YES;
				CLANG_WARN_OBJC_LITERAL_CONVERSION = YES;
				CLANG_WARN_OBJC_ROOT_CLASS = YES_ERROR;
				CLANG_WARN_RANGE_LOOP_ANALYSIS = YES;
				CLANG_WARN_STRICT_PROTOTYPES = YES;
				CLANG_WARN_SUSPICIOUS_MOVE = YES;
				CLANG_WARN_UNGUARDED_AVAILABILITY = YES_AGGRESSIVE;
				CLANG_WARN_UNREACHABLE_CODE = YES;
				CLANG_WARN__DUPLICATE_METHOD_MATCH = YES;
				CODE_SIGN_IDENTITY = "iPhone Developer";
				COPY_PHASE_STRIP = NO;
				DEBUG_INFORMATION_FORMAT = dwarf;
				ENABLE_STRICT_OBJC_MSGSEND = YES;
				ENABLE_TESTABILITY = YES;
				GCC_C_LANGUAGE_STANDARD = gnu11;
				GCC_DYNAMIC_NO_PIC = NO;
				GCC_NO_COMMON_BLOCKS = YES;
				GCC_OPTIMIZATION_LEVEL = 0;
				GCC_PREPROCESSOR_DEFINITIONS = (
					"DEBUG=1",
					"$(inherited)",
				);
				GCC_WARN_64_TO_32_BIT_CONVERSION = YES;
				GCC_WARN_ABOUT_RETURN_TYPE = YES_ERROR;
				GCC_WARN_UNDECLARED_SELECTOR = YES;
				GCC_WARN_UNINITIALIZED_AUTOS = YES_AGGRESSIVE;
				GCC_WARN_UNUSED_FUNCTION = YES;
				GCC_WARN_UNUSED_VARIABLE = YES;
				IPHONEOS_DEPLOYMENT_TARGET = 12.1;
				MTL_ENABLE_DEBUG_INFO = INCLUDE_SOURCE;
				MTL_FAST_MATH = YES;
				ONLY_ACTIVE_ARCH = YES;
				SDKROOT = iphoneos;
				SWIFT_ACTIVE_COMPILATION_CONDITIONS = DEBUG;
				SWIFT_OPTIMIZATION_LEVEL = "-Onone";
			};
			name = Debug;
		};
		DE12ABE525A73C7C00F2E0C5 /* Release */ = {
			isa = XCBuildConfiguration;
			buildSettings = {
				ALWAYS_SEARCH_USER_PATHS = NO;
				CLANG_ANALYZER_NONNULL = YES;
				CLANG_ANALYZER_NUMBER_OBJECT_CONVERSION = YES_AGGRESSIVE;
				CLANG_CXX_LANGUAGE_STANDARD = "gnu++14";
				CLANG_CXX_LIBRARY = "libc++";
				CLANG_ENABLE_MODULES = YES;
				CLANG_ENABLE_OBJC_ARC = YES;
				CLANG_ENABLE_OBJC_WEAK = YES;
				CLANG_WARN_BLOCK_CAPTURE_AUTORELEASING = YES;
				CLANG_WARN_BOOL_CONVERSION = YES;
				CLANG_WARN_COMMA = YES;
				CLANG_WARN_CONSTANT_CONVERSION = YES;
				CLANG_WARN_DEPRECATED_OBJC_IMPLEMENTATIONS = YES;
				CLANG_WARN_DIRECT_OBJC_ISA_USAGE = YES_ERROR;
				CLANG_WARN_DOCUMENTATION_COMMENTS = YES;
				CLANG_WARN_EMPTY_BODY = YES;
				CLANG_WARN_ENUM_CONVERSION = YES;
				CLANG_WARN_INFINITE_RECURSION = YES;
				CLANG_WARN_INT_CONVERSION = YES;
				CLANG_WARN_NON_LITERAL_NULL_CONVERSION = YES;
				CLANG_WARN_OBJC_IMPLICIT_RETAIN_SELF = YES;
				CLANG_WARN_OBJC_LITERAL_CONVERSION = YES;
				CLANG_WARN_OBJC_ROOT_CLASS = YES_ERROR;
				CLANG_WARN_RANGE_LOOP_ANALYSIS = YES;
				CLANG_WARN_STRICT_PROTOTYPES = YES;
				CLANG_WARN_SUSPICIOUS_MOVE = YES;
				CLANG_WARN_UNGUARDED_AVAILABILITY = YES_AGGRESSIVE;
				CLANG_WARN_UNREACHABLE_CODE = YES;
				CLANG_WARN__DUPLICATE_METHOD_MATCH = YES;
				CODE_SIGN_IDENTITY = "iPhone Developer";
				COPY_PHASE_STRIP = NO;
				DEBUG_INFORMATION_FORMAT = "dwarf-with-dsym";
				ENABLE_NS_ASSERTIONS = NO;
				ENABLE_STRICT_OBJC_MSGSEND = YES;
				GCC_C_LANGUAGE_STANDARD = gnu11;
				GCC_NO_COMMON_BLOCKS = YES;
				GCC_WARN_64_TO_32_BIT_CONVERSION = YES;
				GCC_WARN_ABOUT_RETURN_TYPE = YES_ERROR;
				GCC_WARN_UNDECLARED_SELECTOR = YES;
				GCC_WARN_UNINITIALIZED_AUTOS = YES_AGGRESSIVE;
				GCC_WARN_UNUSED_FUNCTION = YES;
				GCC_WARN_UNUSED_VARIABLE = YES;
				IPHONEOS_DEPLOYMENT_TARGET = 12.1;
				MTL_ENABLE_DEBUG_INFO = NO;
				MTL_FAST_MATH = YES;
				SDKROOT = iphoneos;
				SWIFT_COMPILATION_MODE = wholemodule;
				SWIFT_OPTIMIZATION_LEVEL = "-O";
				VALIDATE_PRODUCT = YES;
			};
			name = Release;
		};
		DE12ABE725A73C7C00F2E0C5 /* Debug */ = {
			isa = XCBuildConfiguration;
			baseConfigurationReference = 50D868C4CC57A9647337C312 /* Pods-MoviEveris.debug.xcconfig */;
			buildSettings = {
				ASSETCATALOG_COMPILER_APPICON_NAME = AppIcon;
				CODE_SIGN_STYLE = Automatic;
				INFOPLIST_FILE = MoviEveris/Info.plist;
				LD_RUNPATH_SEARCH_PATHS = (
					"$(inherited)",
					"@executable_path/Frameworks",
				);
				PRODUCT_BUNDLE_IDENTIFIER = com.br.mathias.MoviEveris;
				PRODUCT_NAME = "$(TARGET_NAME)";
				SWIFT_VERSION = 4.2;
				TARGETED_DEVICE_FAMILY = "1,2";
			};
			name = Debug;
		};
		DE12ABE825A73C7C00F2E0C5 /* Release */ = {
			isa = XCBuildConfiguration;
			baseConfigurationReference = 40DB082DD17BBA55AF005290 /* Pods-MoviEveris.release.xcconfig */;
			buildSettings = {
				ASSETCATALOG_COMPILER_APPICON_NAME = AppIcon;
				CODE_SIGN_STYLE = Automatic;
				INFOPLIST_FILE = MoviEveris/Info.plist;
				LD_RUNPATH_SEARCH_PATHS = (
					"$(inherited)",
					"@executable_path/Frameworks",
				);
				PRODUCT_BUNDLE_IDENTIFIER = com.br.mathias.MoviEveris;
				PRODUCT_NAME = "$(TARGET_NAME)";
				SWIFT_VERSION = 4.2;
				TARGETED_DEVICE_FAMILY = "1,2";
			};
			name = Release;
		};
/* End XCBuildConfiguration section */

/* Begin XCConfigurationList section */
		DE12ABCF25A73C7A00F2E0C5 /* Build configuration list for PBXProject "MoviEveris" */ = {
			isa = XCConfigurationList;
			buildConfigurations = (
				DE12ABE425A73C7C00F2E0C5 /* Debug */,
				DE12ABE525A73C7C00F2E0C5 /* Release */,
			);
			defaultConfigurationIsVisible = 0;
			defaultConfigurationName = Release;
		};
		DE12ABE625A73C7C00F2E0C5 /* Build configuration list for PBXNativeTarget "MoviEveris" */ = {
			isa = XCConfigurationList;
			buildConfigurations = (
				DE12ABE725A73C7C00F2E0C5 /* Debug */,
				DE12ABE825A73C7C00F2E0C5 /* Release */,
			);
			defaultConfigurationIsVisible = 0;
			defaultConfigurationName = Release;
		};
/* End XCConfigurationList section */
	};
	rootObject = DE12ABCC25A73C7A00F2E0C5 /* Project object */;
}
