// !$*UTF8*$!
{
	archiveVersion = 1;
	classes = {
	};
	objectVersion = 50;
	objects = {

/* Begin PBXBuildFile section */
		F1C496F625A7610600F7DAD8 /* AppDelegate.swift in Sources */ = {isa = PBXBuildFile; fileRef = F1C496F525A7610600F7DAD8 /* AppDelegate.swift */; };
		F1C496F825A7610600F7DAD8 /* ViewController.swift in Sources */ = {isa = PBXBuildFile; fileRef = F1C496F725A7610600F7DAD8 /* ViewController.swift */; };
		F1C496FB25A7610600F7DAD8 /* Main.storyboard in Resources */ = {isa = PBXBuildFile; fileRef = F1C496F925A7610600F7DAD8 /* Main.storyboard */; };
		F1C496FE25A7610600F7DAD8 /* DecodabeTestando.xcdatamodeld in Sources */ = {isa = PBXBuildFile; fileRef = F1C496FC25A7610600F7DAD8 /* DecodabeTestando.xcdatamodeld */; };
		F1C4970025A7610700F7DAD8 /* Assets.xcassets in Resources */ = {isa = PBXBuildFile; fileRef = F1C496FF25A7610700F7DAD8 /* Assets.xcassets */; };
		F1C4970325A7610700F7DAD8 /* LaunchScreen.storyboard in Resources */ = {isa = PBXBuildFile; fileRef = F1C4970125A7610700F7DAD8 /* LaunchScreen.storyboard */; };
/* End PBXBuildFile section */

/* Begin PBXFileReference section */
		F1C496F225A7610600F7DAD8 /* DecodabeTestando.app */ = {isa = PBXFileReference; explicitFileType = wrapper.application; includeInIndex = 0; path = DecodabeTestando.app; sourceTree = BUILT_PRODUCTS_DIR; };
		F1C496F525A7610600F7DAD8 /* AppDelegate.swift */ = {isa = PBXFileReference; lastKnownFileType = sourcecode.swift; path = AppDelegate.swift; sourceTree = "<group>"; };
		F1C496F725A7610600F7DAD8 /* ViewController.swift */ = {isa = PBXFileReference; lastKnownFileType = sourcecode.swift; path = ViewController.swift; sourceTree = "<group>"; };
		F1C496FA25A7610600F7DAD8 /* Base */ = {isa = PBXFileReference; lastKnownFileType = file.storyboard; name = Base; path = Base.lproj/Main.storyboard; sourceTree = "<group>"; };
		F1C496FD25A7610600F7DAD8 /* DecodabeTestando.xcdatamodel */ = {isa = PBXFileReference; lastKnownFileType = wrapper.xcdatamodel; path = DecodabeTestando.xcdatamodel; sourceTree = "<group>"; };
		F1C496FF25A7610700F7DAD8 /* Assets.xcassets */ = {isa = PBXFileReference; lastKnownFileType = folder.assetcatalog; path = Assets.xcassets; sourceTree = "<group>"; };
		F1C4970225A7610700F7DAD8 /* Base */ = {isa = PBXFileReference; lastKnownFileType = file.storyboard; name = Base; path = Base.lproj/LaunchScreen.storyboard; sourceTree = "<group>"; };
		F1C4970425A7610700F7DAD8 /* Info.plist */ = {isa = PBXFileReference; lastKnownFileType = text.plist.xml; path = Info.plist; sourceTree = "<group>"; };
/* End PBXFileReference section */

/* Begin PBXFrameworksBuildPhase section */
		F1C496EF25A7610600F7DAD8 /* Frameworks */ = {
			isa = PBXFrameworksBuildPhase;
			buildActionMask = 2147483647;
			files = (
			);
			runOnlyForDeploymentPostprocessing = 0;
		};
/* End PBXFrameworksBuildPhase section */

/* Begin PBXGroup section */
		F1C496E925A7610600F7DAD8 = {
			isa = PBXGroup;
			children = (
				F1C496F425A7610600F7DAD8 /* DecodabeTestando */,
				F1C496F325A7610600F7DAD8 /* Products */,
			);
			sourceTree = "<group>";
		};
		F1C496F325A7610600F7DAD8 /* Products */ = {
			isa = PBXGroup;
			children = (
				F1C496F225A7610600F7DAD8 /* DecodabeTestando.app */,
			);
			name = Products;
			sourceTree = "<group>";
		};
		F1C496F425A7610600F7DAD8 /* DecodabeTestando */ = {
			isa = PBXGroup;
			children = (
				F1C496F525A7610600F7DAD8 /* AppDelegate.swift */,
				F1C496F725A7610600F7DAD8 /* ViewController.swift */,
				F1C496F925A7610600F7DAD8 /* Main.storyboard */,
				F1C496FF25A7610700F7DAD8 /* Assets.xcassets */,
				F1C4970125A7610700F7DAD8 /* LaunchScreen.storyboard */,
				F1C4970425A7610700F7DAD8 /* Info.plist */,
				F1C496FC25A7610600F7DAD8 /* DecodabeTestando.xcdatamodeld */,
			);
			path = DecodabeTestando;
			sourceTree = "<group>";
		};
/* End PBXGroup section */

/* Begin PBXNativeTarget section */
		F1C496F125A7610600F7DAD8 /* DecodabeTestando */ = {
			isa = PBXNativeTarget;
			buildConfigurationList = F1C4970725A7610700F7DAD8 /* Build configuration list for PBXNativeTarget "DecodabeTestando" */;
			buildPhases = (
				F1C496EE25A7610600F7DAD8 /* Sources */,
				F1C496EF25A7610600F7DAD8 /* Frameworks */,
				F1C496F025A7610600F7DAD8 /* Resources */,
			);
			buildRules = (
			);
			dependencies = (
			);
			name = DecodabeTestando;
			productName = DecodabeTestando;
			productReference = F1C496F225A7610600F7DAD8 /* DecodabeTestando.app */;
			productType = "com.apple.product-type.application";
		};
/* End PBXNativeTarget section */

/* Begin PBXProject section */
		F1C496EA25A7610600F7DAD8 /* Project object */ = {
			isa = PBXProject;
			attributes = {
				LastSwiftUpdateCheck = 1010;
				LastUpgradeCheck = 1010;
				ORGANIZATIONNAME = Alura;
				TargetAttributes = {
					F1C496F125A7610600F7DAD8 = {
						CreatedOnToolsVersion = 10.1;
					};
				};
			};
			buildConfigurationList = F1C496ED25A7610600F7DAD8 /* Build configuration list for PBXProject "DecodabeTestando" */;
			compatibilityVersion = "Xcode 9.3";
			developmentRegion = en;
			hasScannedForEncodings = 0;
			knownRegions = (
				en,
				Base,
			);
			mainGroup = F1C496E925A7610600F7DAD8;
			productRefGroup = F1C496F325A7610600F7DAD8 /* Products */;
			projectDirPath = "";
			projectRoot = "";
			targets = (
				F1C496F125A7610600F7DAD8 /* DecodabeTestando */,
			);
		};
/* End PBXProject section */

/* Begin PBXResourcesBuildPhase section */
		F1C496F025A7610600F7DAD8 /* Resources */ = {
			isa = PBXResourcesBuildPhase;
			buildActionMask = 2147483647;
			files = (
				F1C4970325A7610700F7DAD8 /* LaunchScreen.storyboard in Resources */,
				F1C4970025A7610700F7DAD8 /* Assets.xcassets in Resources */,
				F1C496FB25A7610600F7DAD8 /* Main.storyboard in Resources */,
			);
			runOnlyForDeploymentPostprocessing = 0;
		};
/* End PBXResourcesBuildPhase section */

/* Begin PBXSourcesBuildPhase section */
		F1C496EE25A7610600F7DAD8 /* Sources */ = {
			isa = PBXSourcesBuildPhase;
			buildActionMask = 2147483647;
			files = (
				F1C496F825A7610600F7DAD8 /* ViewController.swift in Sources */,
				F1C496F625A7610600F7DAD8 /* AppDelegate.swift in Sources */,
				F1C496FE25A7610600F7DAD8 /* DecodabeTestando.xcdatamodeld in Sources */,
			);
			runOnlyForDeploymentPostprocessing = 0;
		};
/* End PBXSourcesBuildPhase section */

/* Begin PBXVariantGroup section */
		F1C496F925A7610600F7DAD8 /* Main.storyboard */ = {
			isa = PBXVariantGroup;
			children = (
				F1C496FA25A7610600F7DAD8 /* Base */,
			);
			name = Main.storyboard;
			sourceTree = "<group>";
		};
		F1C4970125A7610700F7DAD8 /* LaunchScreen.storyboard */ = {
			isa = PBXVariantGroup;
			children = (
				F1C4970225A7610700F7DAD8 /* Base */,
			);
			name = LaunchScreen.storyboard;
			sourceTree = "<group>";
		};
/* End PBXVariantGroup section */

/* Begin XCBuildConfiguration section */
		F1C4970525A7610700F7DAD8 /* Debug */ = {
			isa = XCBuildConfiguration;
			buildSettings = {
				ALWAYS_SEARCH_USER_PATHS = NO;
				CLANG_ANALYZER_NONNULL = YES;
				CLANG_ANALYZER_NUMBER_OBJECT_CONVERSION = YES_AGGRESSIVE;
				CLANG_CXX_LANGUAGE_STANDARD = "gnu++14";
				CLANG_CXX_LIBRARY = "libc++";
				CLANG_ENABLE_MODULES = YES;
				CLANG_ENABLE_OBJC_ARC = YES;
				CLANG_ENABLE_OBJC_WEAK = YES;
				CLANG_WARN_BLOCK_CAPTURE_AUTORELEASING = YES;
				CLANG_WARN_BOOL_CONVERSION = YES;
				CLANG_WARN_COMMA = YES;
				CLANG_WARN_CONSTANT_CONVERSION = YES;
				CLANG_WARN_DEPRECATED_OBJC_IMPLEMENTATIONS = YES;
				CLANG_WARN_DIRECT_OBJC_ISA_USAGE = YES_ERROR;
				CLANG_WARN_DOCUMENTATION_COMMENTS = YES;
				CLANG_WARN_EMPTY_BODY = YES;
				CLANG_WARN_ENUM_CONVERSION = YES;
				CLANG_WARN_INFINITE_RECURSION = YES;
				CLANG_WARN_INT_CONVERSION = YES;
				CLANG_WARN_NON_LITERAL_NULL_CONVERSION = YES;
				CLANG_WARN_OBJC_IMPLICIT_RETAIN_SELF = YES;
				CLANG_WARN_OBJC_LITERAL_CONVERSION = YES;
				CLANG_WARN_OBJC_ROOT_CLASS = YES_ERROR;
				CLANG_WARN_RANGE_LOOP_ANALYSIS = YES;
				CLANG_WARN_STRICT_PROTOTYPES = YES;
				CLANG_WARN_SUSPICIOUS_MOVE = YES;
				CLANG_WARN_UNGUARDED_AVAILABILITY = YES_AGGRESSIVE;
				CLANG_WARN_UNREACHABLE_CODE = YES;
				CLANG_WARN__DUPLICATE_METHOD_MATCH = YES;
				CODE_SIGN_IDENTITY = "iPhone Developer";
				COPY_PHASE_STRIP = NO;
				DEBUG_INFORMATION_FORMAT = dwarf;
				ENABLE_STRICT_OBJC_MSGSEND = YES;
				ENABLE_TESTABILITY = YES;
				GCC_C_LANGUAGE_STANDARD = gnu11;
				GCC_DYNAMIC_NO_PIC = NO;
				GCC_NO_COMMON_BLOCKS = YES;
				GCC_OPTIMIZATION_LEVEL = 0;
				GCC_PREPROCESSOR_DEFINITIONS = (
					"DEBUG=1",
					"$(inherited)",
				);
				GCC_WARN_64_TO_32_BIT_CONVERSION = YES;
				GCC_WARN_ABOUT_RETURN_TYPE = YES_ERROR;
				GCC_WARN_UNDECLARED_SELECTOR = YES;
				GCC_WARN_UNINITIALIZED_AUTOS = YES_AGGRESSIVE;
				GCC_WARN_UNUSED_FUNCTION = YES;
				GCC_WARN_UNUSED_VARIABLE = YES;
				IPHONEOS_DEPLOYMENT_TARGET = 12.1;
				MTL_ENABLE_DEBUG_INFO = INCLUDE_SOURCE;
				MTL_FAST_MATH = YES;
				ONLY_ACTIVE_ARCH = YES;
				SDKROOT = iphoneos;
				SWIFT_ACTIVE_COMPILATION_CONDITIONS = DEBUG;
				SWIFT_OPTIMIZATION_LEVEL = "-Onone";
			};
			name = Debug;
		};
		F1C4970625A7610700F7DAD8 /* Release */ = {
			isa = XCBuildConfiguration;
			buildSettings = {
				ALWAYS_SEARCH_USER_PATHS = NO;
				CLANG_ANALYZER_NONNULL = YES;
				CLANG_ANALYZER_NUMBER_OBJECT_CONVERSION = YES_AGGRESSIVE;
				CLANG_CXX_LANGUAGE_STANDARD = "gnu++14";
				CLANG_CXX_LIBRARY = "libc++";
				CLANG_ENABLE_MODULES = YES;
				CLANG_ENABLE_OBJC_ARC = YES;
				CLANG_ENABLE_OBJC_WEAK = YES;
				CLANG_WARN_BLOCK_CAPTURE_AUTORELEASING = YES;
				CLANG_WARN_BOOL_CONVERSION = YES;
				CLANG_WARN_COMMA = YES;
				CLANG_WARN_CONSTANT_CONVERSION = YES;
				CLANG_WARN_DEPRECATED_OBJC_IMPLEMENTATIONS = YES;
				CLANG_WARN_DIRECT_OBJC_ISA_USAGE = YES_ERROR;
				CLANG_WARN_DOCUMENTATION_COMMENTS = YES;
				CLANG_WARN_EMPTY_BODY = YES;
				CLANG_WARN_ENUM_CONVERSION = YES;
				CLANG_WARN_INFINITE_RECURSION = YES;
				CLANG_WARN_INT_CONVERSION = YES;
				CLANG_WARN_NON_LITERAL_NULL_CONVERSION = YES;
				CLANG_WARN_OBJC_IMPLICIT_RETAIN_SELF = YES;
				CLANG_WARN_OBJC_LITERAL_CONVERSION = YES;
				CLANG_WARN_OBJC_ROOT_CLASS = YES_ERROR;
				CLANG_WARN_RANGE_LOOP_ANALYSIS = YES;
				CLANG_WARN_STRICT_PROTOTYPES = YES;
				CLANG_WARN_SUSPICIOUS_MOVE = YES;
				CLANG_WARN_UNGUARDED_AVAILABILITY = YES_AGGRESSIVE;
				CLANG_WARN_UNREACHABLE_CODE = YES;
				CLANG_WARN__DUPLICATE_METHOD_MATCH = YES;
				CODE_SIGN_IDENTITY = "iPhone Developer";
				COPY_PHASE_STRIP = NO;
				DEBUG_INFORMATION_FORMAT = "dwarf-with-dsym";
				ENABLE_NS_ASSERTIONS = NO;
				ENABLE_STRICT_OBJC_MSGSEND = YES;
				GCC_C_LANGUAGE_STANDARD = gnu11;
				GCC_NO_COMMON_BLOCKS = YES;
				GCC_WARN_64_TO_32_BIT_CONVERSION = YES;
				GCC_WARN_ABOUT_RETURN_TYPE = YES_ERROR;
				GCC_WARN_UNDECLARED_SELECTOR = YES;
				GCC_WARN_UNINITIALIZED_AUTOS = YES_AGGRESSIVE;
				GCC_WARN_UNUSED_FUNCTION = YES;
				GCC_WARN_UNUSED_VARIABLE = YES;
				IPHONEOS_DEPLOYMENT_TARGET = 12.1;
				MTL_ENABLE_DEBUG_INFO = NO;
				MTL_FAST_MATH = YES;
				SDKROOT = iphoneos;
				SWIFT_COMPILATION_MODE = wholemodule;
				SWIFT_OPTIMIZATION_LEVEL = "-O";
				VALIDATE_PRODUCT = YES;
			};
			name = Release;
		};
		F1C4970825A7610700F7DAD8 /* Debug */ = {
			isa = XCBuildConfiguration;
			buildSettings = {
				ASSETCATALOG_COMPILER_APPICON_NAME = AppIcon;
				CODE_SIGN_STYLE = Automatic;
				INFOPLIST_FILE = DecodabeTestando/Info.plist;
				LD_RUNPATH_SEARCH_PATHS = (
					"$(inherited)",
					"@executable_path/Frameworks",
				);
				PRODUCT_BUNDLE_IDENTIFIER = br.com.alura.DecodabeTestando;
				PRODUCT_NAME = "$(TARGET_NAME)";
				SWIFT_VERSION = 4.2;
				TARGETED_DEVICE_FAMILY = "1,2";
			};
			name = Debug;
		};
		F1C4970925A7610700F7DAD8 /* Release */ = {
			isa = XCBuildConfiguration;
			buildSettings = {
				ASSETCATALOG_COMPILER_APPICON_NAME = AppIcon;
				CODE_SIGN_STYLE = Automatic;
				INFOPLIST_FILE = DecodabeTestando/Info.plist;
				LD_RUNPATH_SEARCH_PATHS = (
					"$(inherited)",
					"@executable_path/Frameworks",
				);
				PRODUCT_BUNDLE_IDENTIFIER = br.com.alura.DecodabeTestando;
				PRODUCT_NAME = "$(TARGET_NAME)";
				SWIFT_VERSION = 4.2;
				TARGETED_DEVICE_FAMILY = "1,2";
			};
			name = Release;
		};
/* End XCBuildConfiguration section */

/* Begin XCConfigurationList section */
		F1C496ED25A7610600F7DAD8 /* Build configuration list for PBXProject "DecodabeTestando" */ = {
			isa = XCConfigurationList;
			buildConfigurations = (
				F1C4970525A7610700F7DAD8 /* Debug */,
				F1C4970625A7610700F7DAD8 /* Release */,
			);
			defaultConfigurationIsVisible = 0;
			defaultConfigurationName = Release;
		};
		F1C4970725A7610700F7DAD8 /* Build configuration list for PBXNativeTarget "DecodabeTestando" */ = {
			isa = XCConfigurationList;
			buildConfigurations = (
				F1C4970825A7610700F7DAD8 /* Debug */,
				F1C4970925A7610700F7DAD8 /* Release */,
			);
			defaultConfigurationIsVisible = 0;
			defaultConfigurationName = Release;
		};
/* End XCConfigurationList section */

/* Begin XCVersionGroup section */
		F1C496FC25A7610600F7DAD8 /* DecodabeTestando.xcdatamodeld */ = {
			isa = XCVersionGroup;
			children = (
				F1C496FD25A7610600F7DAD8 /* DecodabeTestando.xcdatamodel */,
			);
			currentVersion = F1C496FD25A7610600F7DAD8 /* DecodabeTestando.xcdatamodel */;
			path = DecodabeTestando.xcdatamodeld;
			sourceTree = "<group>";
			versionGroupType = wrapper.xcdatamodel;
		};
/* End XCVersionGroup section */
	};
	rootObject = F1C496EA25A7610600F7DAD8 /* Project object */;
}
