// !$*UTF8*$!
{
	archiveVersion = 1;
	classes = {
	};
	objectVersion = 51;
	objects = {

/* Begin PBXBuildFile section */
		095518013E727A55402C885D /* Pods_ListagemFilmesBecaiOS.framework in Frameworks */ = {isa = PBXBuildFile; fileRef = B74956CBCCE012C80CA1A1C2 /* Pods_ListagemFilmesBecaiOS.framework */; };
		9D0EB76C260E82CB00076469 /* Movie.swift in Sources */ = {isa = PBXBuildFile; fileRef = 9D0EB76B260E82CB00076469 /* Movie.swift */; };
		9D0EB771260E864800076469 /* Movies.swift in Sources */ = {isa = PBXBuildFile; fileRef = 9D0EB770260E864800076469 /* Movies.swift */; };
		9DABA62D260E1B6B0001F8BC /* AppDelegate.swift in Sources */ = {isa = PBXBuildFile; fileRef = 9DABA62C260E1B6B0001F8BC /* AppDelegate.swift */; };
		9DABA62F260E1B6B0001F8BC /* SceneDelegate.swift in Sources */ = {isa = PBXBuildFile; fileRef = 9DABA62E260E1B6B0001F8BC /* SceneDelegate.swift */; };
		9DABA631260E1B6B0001F8BC /* ViewController.swift in Sources */ = {isa = PBXBuildFile; fileRef = 9DABA630260E1B6B0001F8BC /* ViewController.swift */; };
		9DABA634260E1B6B0001F8BC /* Main.storyboard in Resources */ = {isa = PBXBuildFile; fileRef = 9DABA632260E1B6B0001F8BC /* Main.storyboard */; };
		9DABA637260E1B6B0001F8BC /* ListagemFilmesBecaiOS.xcdatamodeld in Sources */ = {isa = PBXBuildFile; fileRef = 9DABA635260E1B6B0001F8BC /* ListagemFilmesBecaiOS.xcdatamodeld */; };
		9DABA639260E1B6F0001F8BC /* Assets.xcassets in Resources */ = {isa = PBXBuildFile; fileRef = 9DABA638260E1B6F0001F8BC /* Assets.xcassets */; };
		9DABA63C260E1B6F0001F8BC /* LaunchScreen.storyboard in Resources */ = {isa = PBXBuildFile; fileRef = 9DABA63A260E1B6F0001F8BC /* LaunchScreen.storyboard */; };
		9DABA647260E1B6F0001F8BC /* ListagemFilmesBecaiOSTests.swift in Sources */ = {isa = PBXBuildFile; fileRef = 9DABA646260E1B6F0001F8BC /* ListagemFilmesBecaiOSTests.swift */; };
		9DABA652260E1B6F0001F8BC /* ListagemFilmesBecaiOSUITests.swift in Sources */ = {isa = PBXBuildFile; fileRef = 9DABA651260E1B6F0001F8BC /* ListagemFilmesBecaiOSUITests.swift */; };
/* End PBXBuildFile section */

/* Begin PBXContainerItemProxy section */
		9DABA643260E1B6F0001F8BC /* PBXContainerItemProxy */ = {
			isa = PBXContainerItemProxy;
			containerPortal = 9DABA621260E1B6B0001F8BC /* Project object */;
			proxyType = 1;
			remoteGlobalIDString = 9DABA628260E1B6B0001F8BC;
			remoteInfo = ListagemFilmesBecaiOS;
		};
		9DABA64E260E1B6F0001F8BC /* PBXContainerItemProxy */ = {
			isa = PBXContainerItemProxy;
			containerPortal = 9DABA621260E1B6B0001F8BC /* Project object */;
			proxyType = 1;
			remoteGlobalIDString = 9DABA628260E1B6B0001F8BC;
			remoteInfo = ListagemFilmesBecaiOS;
		};
/* End PBXContainerItemProxy section */

/* Begin PBXFileReference section */
		8CB15A2D342BC4EC8C39479F /* Pods-ListagemFilmesBecaiOS.debug.xcconfig */ = {isa = PBXFileReference; includeInIndex = 1; lastKnownFileType = text.xcconfig; name = "Pods-ListagemFilmesBecaiOS.debug.xcconfig"; path = "Target Support Files/Pods-ListagemFilmesBecaiOS/Pods-ListagemFilmesBecaiOS.debug.xcconfig"; sourceTree = "<group>"; };
		9D0EB76B260E82CB00076469 /* Movie.swift */ = {isa = PBXFileReference; lastKnownFileType = sourcecode.swift; path = Movie.swift; sourceTree = "<group>"; };
		9D0EB770260E864800076469 /* Movies.swift */ = {isa = PBXFileReference; lastKnownFileType = sourcecode.swift; path = Movies.swift; sourceTree = "<group>"; };
		9DABA629260E1B6B0001F8BC /* ListagemFilmesBecaiOS.app */ = {isa = PBXFileReference; explicitFileType = wrapper.application; includeInIndex = 0; path = ListagemFilmesBecaiOS.app; sourceTree = BUILT_PRODUCTS_DIR; };
		9DABA62C260E1B6B0001F8BC /* AppDelegate.swift */ = {isa = PBXFileReference; lastKnownFileType = sourcecode.swift; path = AppDelegate.swift; sourceTree = "<group>"; };
		9DABA62E260E1B6B0001F8BC /* SceneDelegate.swift */ = {isa = PBXFileReference; lastKnownFileType = sourcecode.swift; path = SceneDelegate.swift; sourceTree = "<group>"; };
		9DABA630260E1B6B0001F8BC /* ViewController.swift */ = {isa = PBXFileReference; lastKnownFileType = sourcecode.swift; path = ViewController.swift; sourceTree = "<group>"; };
		9DABA633260E1B6B0001F8BC /* Base */ = {isa = PBXFileReference; lastKnownFileType = file.storyboard; name = Base; path = Base.lproj/Main.storyboard; sourceTree = "<group>"; };
		9DABA636260E1B6B0001F8BC /* ListagemFilmesBecaiOS.xcdatamodel */ = {isa = PBXFileReference; lastKnownFileType = wrapper.xcdatamodel; path = ListagemFilmesBecaiOS.xcdatamodel; sourceTree = "<group>"; };
		9DABA638260E1B6F0001F8BC /* Assets.xcassets */ = {isa = PBXFileReference; lastKnownFileType = folder.assetcatalog; path = Assets.xcassets; sourceTree = "<group>"; };
		9DABA63B260E1B6F0001F8BC /* Base */ = {isa = PBXFileReference; lastKnownFileType = file.storyboard; name = Base; path = Base.lproj/LaunchScreen.storyboard; sourceTree = "<group>"; };
		9DABA63D260E1B6F0001F8BC /* Info.plist */ = {isa = PBXFileReference; lastKnownFileType = text.plist.xml; path = Info.plist; sourceTree = "<group>"; };
		9DABA642260E1B6F0001F8BC /* ListagemFilmesBecaiOSTests.xctest */ = {isa = PBXFileReference; explicitFileType = wrapper.cfbundle; includeInIndex = 0; path = ListagemFilmesBecaiOSTests.xctest; sourceTree = BUILT_PRODUCTS_DIR; };
		9DABA646260E1B6F0001F8BC /* ListagemFilmesBecaiOSTests.swift */ = {isa = PBXFileReference; lastKnownFileType = sourcecode.swift; path = ListagemFilmesBecaiOSTests.swift; sourceTree = "<group>"; };
		9DABA648260E1B6F0001F8BC /* Info.plist */ = {isa = PBXFileReference; lastKnownFileType = text.plist.xml; path = Info.plist; sourceTree = "<group>"; };
		9DABA64D260E1B6F0001F8BC /* ListagemFilmesBecaiOSUITests.xctest */ = {isa = PBXFileReference; explicitFileType = wrapper.cfbundle; includeInIndex = 0; path = ListagemFilmesBecaiOSUITests.xctest; sourceTree = BUILT_PRODUCTS_DIR; };
		9DABA651260E1B6F0001F8BC /* ListagemFilmesBecaiOSUITests.swift */ = {isa = PBXFileReference; lastKnownFileType = sourcecode.swift; path = ListagemFilmesBecaiOSUITests.swift; sourceTree = "<group>"; };
		9DABA653260E1B6F0001F8BC /* Info.plist */ = {isa = PBXFileReference; lastKnownFileType = text.plist.xml; path = Info.plist; sourceTree = "<group>"; };
		B74956CBCCE012C80CA1A1C2 /* Pods_ListagemFilmesBecaiOS.framework */ = {isa = PBXFileReference; explicitFileType = wrapper.framework; includeInIndex = 0; path = Pods_ListagemFilmesBecaiOS.framework; sourceTree = BUILT_PRODUCTS_DIR; };
		FB72CA98281679128D0F1FF5 /* Pods-ListagemFilmesBecaiOS.release.xcconfig */ = {isa = PBXFileReference; includeInIndex = 1; lastKnownFileType = text.xcconfig; name = "Pods-ListagemFilmesBecaiOS.release.xcconfig"; path = "Target Support Files/Pods-ListagemFilmesBecaiOS/Pods-ListagemFilmesBecaiOS.release.xcconfig"; sourceTree = "<group>"; };
/* End PBXFileReference section */

/* Begin PBXFrameworksBuildPhase section */
		9DABA626260E1B6B0001F8BC /* Frameworks */ = {
			isa = PBXFrameworksBuildPhase;
			buildActionMask = 2147483647;
			files = (
				095518013E727A55402C885D /* Pods_ListagemFilmesBecaiOS.framework in Frameworks */,
			);
			runOnlyForDeploymentPostprocessing = 0;
		};
		9DABA63F260E1B6F0001F8BC /* Frameworks */ = {
			isa = PBXFrameworksBuildPhase;
			buildActionMask = 2147483647;
			files = (
			);
			runOnlyForDeploymentPostprocessing = 0;
		};
		9DABA64A260E1B6F0001F8BC /* Frameworks */ = {
			isa = PBXFrameworksBuildPhase;
			buildActionMask = 2147483647;
			files = (
			);
			runOnlyForDeploymentPostprocessing = 0;
		};
/* End PBXFrameworksBuildPhase section */

/* Begin PBXGroup section */
		1CCC71DD73AC173002FAE86E /* Frameworks */ = {
			isa = PBXGroup;
			children = (
				B74956CBCCE012C80CA1A1C2 /* Pods_ListagemFilmesBecaiOS.framework */,
			);
			name = Frameworks;
			sourceTree = "<group>";
		};
		80FA94A3D49594F69B2188E7 /* Pods */ = {
			isa = PBXGroup;
			children = (
				8CB15A2D342BC4EC8C39479F /* Pods-ListagemFilmesBecaiOS.debug.xcconfig */,
				FB72CA98281679128D0F1FF5 /* Pods-ListagemFilmesBecaiOS.release.xcconfig */,
			);
			path = Pods;
			sourceTree = "<group>";
		};
		9DABA620260E1B6B0001F8BC = {
			isa = PBXGroup;
			children = (
				9DABA62B260E1B6B0001F8BC /* ListagemFilmesBecaiOS */,
				9DABA645260E1B6F0001F8BC /* ListagemFilmesBecaiOSTests */,
				9DABA650260E1B6F0001F8BC /* ListagemFilmesBecaiOSUITests */,
				9DABA62A260E1B6B0001F8BC /* Products */,
				80FA94A3D49594F69B2188E7 /* Pods */,
				1CCC71DD73AC173002FAE86E /* Frameworks */,
			);
			sourceTree = "<group>";
		};
		9DABA62A260E1B6B0001F8BC /* Products */ = {
			isa = PBXGroup;
			children = (
				9DABA629260E1B6B0001F8BC /* ListagemFilmesBecaiOS.app */,
				9DABA642260E1B6F0001F8BC /* ListagemFilmesBecaiOSTests.xctest */,
				9DABA64D260E1B6F0001F8BC /* ListagemFilmesBecaiOSUITests.xctest */,
			);
			name = Products;
			sourceTree = "<group>";
		};
		9DABA62B260E1B6B0001F8BC /* ListagemFilmesBecaiOS */ = {
			isa = PBXGroup;
			children = (
				9DABA62C260E1B6B0001F8BC /* AppDelegate.swift */,
				9DABA62E260E1B6B0001F8BC /* SceneDelegate.swift */,
				9DABA630260E1B6B0001F8BC /* ViewController.swift */,
				9D0EB76B260E82CB00076469 /* Movie.swift */,
				9D0EB770260E864800076469 /* Movies.swift */,
				9DABA632260E1B6B0001F8BC /* Main.storyboard */,
				9DABA638260E1B6F0001F8BC /* Assets.xcassets */,
				9DABA63A260E1B6F0001F8BC /* LaunchScreen.storyboard */,
				9DABA63D260E1B6F0001F8BC /* Info.plist */,
				9DABA635260E1B6B0001F8BC /* ListagemFilmesBecaiOS.xcdatamodeld */,
			);
			path = ListagemFilmesBecaiOS;
			sourceTree = "<group>";
		};
		9DABA645260E1B6F0001F8BC /* ListagemFilmesBecaiOSTests */ = {
			isa = PBXGroup;
			children = (
				9DABA646260E1B6F0001F8BC /* ListagemFilmesBecaiOSTests.swift */,
				9DABA648260E1B6F0001F8BC /* Info.plist */,
			);
			path = ListagemFilmesBecaiOSTests;
			sourceTree = "<group>";
		};
		9DABA650260E1B6F0001F8BC /* ListagemFilmesBecaiOSUITests */ = {
			isa = PBXGroup;
			children = (
				9DABA651260E1B6F0001F8BC /* ListagemFilmesBecaiOSUITests.swift */,
				9DABA653260E1B6F0001F8BC /* Info.plist */,
			);
			path = ListagemFilmesBecaiOSUITests;
			sourceTree = "<group>";
		};
/* End PBXGroup section */

/* Begin PBXNativeTarget section */
		9DABA628260E1B6B0001F8BC /* ListagemFilmesBecaiOS */ = {
			isa = PBXNativeTarget;
			buildConfigurationList = 9DABA656260E1B6F0001F8BC /* Build configuration list for PBXNativeTarget "ListagemFilmesBecaiOS" */;
			buildPhases = (
				49C8282DD66315FA11EA08A2 /* [CP] Check Pods Manifest.lock */,
				9DABA625260E1B6B0001F8BC /* Sources */,
				9DABA626260E1B6B0001F8BC /* Frameworks */,
				9DABA627260E1B6B0001F8BC /* Resources */,
				ADAB76DD507B174A62AC5C74 /* [CP] Embed Pods Frameworks */,
			);
			buildRules = (
			);
			dependencies = (
			);
			name = ListagemFilmesBecaiOS;
			productName = ListagemFilmesBecaiOS;
			productReference = 9DABA629260E1B6B0001F8BC /* ListagemFilmesBecaiOS.app */;
			productType = "com.apple.product-type.application";
		};
		9DABA641260E1B6F0001F8BC /* ListagemFilmesBecaiOSTests */ = {
			isa = PBXNativeTarget;
			buildConfigurationList = 9DABA659260E1B6F0001F8BC /* Build configuration list for PBXNativeTarget "ListagemFilmesBecaiOSTests" */;
			buildPhases = (
				9DABA63E260E1B6F0001F8BC /* Sources */,
				9DABA63F260E1B6F0001F8BC /* Frameworks */,
				9DABA640260E1B6F0001F8BC /* Resources */,
			);
			buildRules = (
			);
			dependencies = (
				9DABA644260E1B6F0001F8BC /* PBXTargetDependency */,
			);
			name = ListagemFilmesBecaiOSTests;
			productName = ListagemFilmesBecaiOSTests;
			productReference = 9DABA642260E1B6F0001F8BC /* ListagemFilmesBecaiOSTests.xctest */;
			productType = "com.apple.product-type.bundle.unit-test";
		};
		9DABA64C260E1B6F0001F8BC /* ListagemFilmesBecaiOSUITests */ = {
			isa = PBXNativeTarget;
			buildConfigurationList = 9DABA65C260E1B6F0001F8BC /* Build configuration list for PBXNativeTarget "ListagemFilmesBecaiOSUITests" */;
			buildPhases = (
				9DABA649260E1B6F0001F8BC /* Sources */,
				9DABA64A260E1B6F0001F8BC /* Frameworks */,
				9DABA64B260E1B6F0001F8BC /* Resources */,
			);
			buildRules = (
			);
			dependencies = (
				9DABA64F260E1B6F0001F8BC /* PBXTargetDependency */,
			);
			name = ListagemFilmesBecaiOSUITests;
			productName = ListagemFilmesBecaiOSUITests;
			productReference = 9DABA64D260E1B6F0001F8BC /* ListagemFilmesBecaiOSUITests.xctest */;
			productType = "com.apple.product-type.bundle.ui-testing";
		};
/* End PBXNativeTarget section */

/* Begin PBXProject section */
		9DABA621260E1B6B0001F8BC /* Project object */ = {
			isa = PBXProject;
			attributes = {
				LastSwiftUpdateCheck = 1240;
				LastUpgradeCheck = 1240;
				TargetAttributes = {
					9DABA628260E1B6B0001F8BC = {
						CreatedOnToolsVersion = 12.4;
					};
					9DABA641260E1B6F0001F8BC = {
						CreatedOnToolsVersion = 12.4;
						TestTargetID = 9DABA628260E1B6B0001F8BC;
					};
					9DABA64C260E1B6F0001F8BC = {
						CreatedOnToolsVersion = 12.4;
						TestTargetID = 9DABA628260E1B6B0001F8BC;
					};
				};
			};
			buildConfigurationList = 9DABA624260E1B6B0001F8BC /* Build configuration list for PBXProject "ListagemFilmesBecaiOS" */;
			compatibilityVersion = "Xcode 9.3";
			developmentRegion = en;
			hasScannedForEncodings = 0;
			knownRegions = (
				en,
				Base,
			);
			mainGroup = 9DABA620260E1B6B0001F8BC;
			productRefGroup = 9DABA62A260E1B6B0001F8BC /* Products */;
			projectDirPath = "";
			projectRoot = "";
			targets = (
				9DABA628260E1B6B0001F8BC /* ListagemFilmesBecaiOS */,
				9DABA641260E1B6F0001F8BC /* ListagemFilmesBecaiOSTests */,
				9DABA64C260E1B6F0001F8BC /* ListagemFilmesBecaiOSUITests */,
			);
		};
/* End PBXProject section */

/* Begin PBXResourcesBuildPhase section */
		9DABA627260E1B6B0001F8BC /* Resources */ = {
			isa = PBXResourcesBuildPhase;
			buildActionMask = 2147483647;
			files = (
				9DABA63C260E1B6F0001F8BC /* LaunchScreen.storyboard in Resources */,
				9DABA639260E1B6F0001F8BC /* Assets.xcassets in Resources */,
				9DABA634260E1B6B0001F8BC /* Main.storyboard in Resources */,
			);
			runOnlyForDeploymentPostprocessing = 0;
		};
		9DABA640260E1B6F0001F8BC /* Resources */ = {
			isa = PBXResourcesBuildPhase;
			buildActionMask = 2147483647;
			files = (
			);
			runOnlyForDeploymentPostprocessing = 0;
		};
		9DABA64B260E1B6F0001F8BC /* Resources */ = {
			isa = PBXResourcesBuildPhase;
			buildActionMask = 2147483647;
			files = (
			);
			runOnlyForDeploymentPostprocessing = 0;
		};
/* End PBXResourcesBuildPhase section */

/* Begin PBXShellScriptBuildPhase section */
		49C8282DD66315FA11EA08A2 /* [CP] Check Pods Manifest.lock */ = {
			isa = PBXShellScriptBuildPhase;
			buildActionMask = 2147483647;
			files = (
			);
			inputFileListPaths = (
			);
			inputPaths = (
				"${PODS_PODFILE_DIR_PATH}/Podfile.lock",
				"${PODS_ROOT}/Manifest.lock",
			);
			name = "[CP] Check Pods Manifest.lock";
			outputFileListPaths = (
			);
			outputPaths = (
				"$(DERIVED_FILE_DIR)/Pods-ListagemFilmesBecaiOS-checkManifestLockResult.txt",
			);
			runOnlyForDeploymentPostprocessing = 0;
			shellPath = /bin/sh;
			shellScript = "diff \"${PODS_PODFILE_DIR_PATH}/Podfile.lock\" \"${PODS_ROOT}/Manifest.lock\" > /dev/null\nif [ $? != 0 ] ; then\n    # print error to STDERR\n    echo \"error: The sandbox is not in sync with the Podfile.lock. Run 'pod install' or update your CocoaPods installation.\" >&2\n    exit 1\nfi\n# This output is used by Xcode 'outputs' to avoid re-running this script phase.\necho \"SUCCESS\" > \"${SCRIPT_OUTPUT_FILE_0}\"\n";
			showEnvVarsInLog = 0;
		};
		ADAB76DD507B174A62AC5C74 /* [CP] Embed Pods Frameworks */ = {
			isa = PBXShellScriptBuildPhase;
			buildActionMask = 2147483647;
			files = (
			);
			inputFileListPaths = (
				"${PODS_ROOT}/Target Support Files/Pods-ListagemFilmesBecaiOS/Pods-ListagemFilmesBecaiOS-frameworks-${CONFIGURATION}-input-files.xcfilelist",
			);
			name = "[CP] Embed Pods Frameworks";
			outputFileListPaths = (
				"${PODS_ROOT}/Target Support Files/Pods-ListagemFilmesBecaiOS/Pods-ListagemFilmesBecaiOS-frameworks-${CONFIGURATION}-output-files.xcfilelist",
			);
			runOnlyForDeploymentPostprocessing = 0;
			shellPath = /bin/sh;
			shellScript = "\"${PODS_ROOT}/Target Support Files/Pods-ListagemFilmesBecaiOS/Pods-ListagemFilmesBecaiOS-frameworks.sh\"\n";
			showEnvVarsInLog = 0;
		};
/* End PBXShellScriptBuildPhase section */

/* Begin PBXSourcesBuildPhase section */
		9DABA625260E1B6B0001F8BC /* Sources */ = {
			isa = PBXSourcesBuildPhase;
			buildActionMask = 2147483647;
			files = (
				9DABA631260E1B6B0001F8BC /* ViewController.swift in Sources */,
				9DABA62D260E1B6B0001F8BC /* AppDelegate.swift in Sources */,
				9D0EB771260E864800076469 /* Movies.swift in Sources */,
				9DABA637260E1B6B0001F8BC /* ListagemFilmesBecaiOS.xcdatamodeld in Sources */,
				9DABA62F260E1B6B0001F8BC /* SceneDelegate.swift in Sources */,
				9D0EB76C260E82CB00076469 /* Movie.swift in Sources */,
			);
			runOnlyForDeploymentPostprocessing = 0;
		};
		9DABA63E260E1B6F0001F8BC /* Sources */ = {
			isa = PBXSourcesBuildPhase;
			buildActionMask = 2147483647;
			files = (
				9DABA647260E1B6F0001F8BC /* ListagemFilmesBecaiOSTests.swift in Sources */,
			);
			runOnlyForDeploymentPostprocessing = 0;
		};
		9DABA649260E1B6F0001F8BC /* Sources */ = {
			isa = PBXSourcesBuildPhase;
			buildActionMask = 2147483647;
			files = (
				9DABA652260E1B6F0001F8BC /* ListagemFilmesBecaiOSUITests.swift in Sources */,
			);
			runOnlyForDeploymentPostprocessing = 0;
		};
/* End PBXSourcesBuildPhase section */

/* Begin PBXTargetDependency section */
		9DABA644260E1B6F0001F8BC /* PBXTargetDependency */ = {
			isa = PBXTargetDependency;
			target = 9DABA628260E1B6B0001F8BC /* ListagemFilmesBecaiOS */;
			targetProxy = 9DABA643260E1B6F0001F8BC /* PBXContainerItemProxy */;
		};
		9DABA64F260E1B6F0001F8BC /* PBXTargetDependency */ = {
			isa = PBXTargetDependency;
			target = 9DABA628260E1B6B0001F8BC /* ListagemFilmesBecaiOS */;
			targetProxy = 9DABA64E260E1B6F0001F8BC /* PBXContainerItemProxy */;
		};
/* End PBXTargetDependency section */

/* Begin PBXVariantGroup section */
		9DABA632260E1B6B0001F8BC /* Main.storyboard */ = {
			isa = PBXVariantGroup;
			children = (
				9DABA633260E1B6B0001F8BC /* Base */,
			);
			name = Main.storyboard;
			sourceTree = "<group>";
		};
		9DABA63A260E1B6F0001F8BC /* LaunchScreen.storyboard */ = {
			isa = PBXVariantGroup;
			children = (
				9DABA63B260E1B6F0001F8BC /* Base */,
			);
			name = LaunchScreen.storyboard;
			sourceTree = "<group>";
		};
/* End PBXVariantGroup section */

/* Begin XCBuildConfiguration section */
		9DABA654260E1B6F0001F8BC /* Debug */ = {
			isa = XCBuildConfiguration;
			buildSettings = {
				ALWAYS_SEARCH_USER_PATHS = NO;
				CLANG_ANALYZER_NONNULL = YES;
				CLANG_ANALYZER_NUMBER_OBJECT_CONVERSION = YES_AGGRESSIVE;
				CLANG_CXX_LANGUAGE_STANDARD = "gnu++14";
				CLANG_CXX_LIBRARY = "libc++";
				CLANG_ENABLE_MODULES = YES;
				CLANG_ENABLE_OBJC_ARC = YES;
				CLANG_ENABLE_OBJC_WEAK = YES;
				CLANG_WARN_BLOCK_CAPTURE_AUTORELEASING = YES;
				CLANG_WARN_BOOL_CONVERSION = YES;
				CLANG_WARN_COMMA = YES;
				CLANG_WARN_CONSTANT_CONVERSION = YES;
				CLANG_WARN_DEPRECATED_OBJC_IMPLEMENTATIONS = YES;
				CLANG_WARN_DIRECT_OBJC_ISA_USAGE = YES_ERROR;
				CLANG_WARN_DOCUMENTATION_COMMENTS = YES;
				CLANG_WARN_EMPTY_BODY = YES;
				CLANG_WARN_ENUM_CONVERSION = YES;
				CLANG_WARN_INFINITE_RECURSION = YES;
				CLANG_WARN_INT_CONVERSION = YES;
				CLANG_WARN_NON_LITERAL_NULL_CONVERSION = YES;
				CLANG_WARN_OBJC_IMPLICIT_RETAIN_SELF = YES;
				CLANG_WARN_OBJC_LITERAL_CONVERSION = YES;
				CLANG_WARN_OBJC_ROOT_CLASS = YES_ERROR;
				CLANG_WARN_QUOTED_INCLUDE_IN_FRAMEWORK_HEADER = YES;
				CLANG_WARN_RANGE_LOOP_ANALYSIS = YES;
				CLANG_WARN_STRICT_PROTOTYPES = YES;
				CLANG_WARN_SUSPICIOUS_MOVE = YES;
				CLANG_WARN_UNGUARDED_AVAILABILITY = YES_AGGRESSIVE;
				CLANG_WARN_UNREACHABLE_CODE = YES;
				CLANG_WARN__DUPLICATE_METHOD_MATCH = YES;
				COPY_PHASE_STRIP = NO;
				DEBUG_INFORMATION_FORMAT = dwarf;
				ENABLE_STRICT_OBJC_MSGSEND = YES;
				ENABLE_TESTABILITY = YES;
				GCC_C_LANGUAGE_STANDARD = gnu11;
				GCC_DYNAMIC_NO_PIC = NO;
				GCC_NO_COMMON_BLOCKS = YES;
				GCC_OPTIMIZATION_LEVEL = 0;
				GCC_PREPROCESSOR_DEFINITIONS = (
					"DEBUG=1",
					"$(inherited)",
				);
				GCC_WARN_64_TO_32_BIT_CONVERSION = YES;
				GCC_WARN_ABOUT_RETURN_TYPE = YES_ERROR;
				GCC_WARN_UNDECLARED_SELECTOR = YES;
				GCC_WARN_UNINITIALIZED_AUTOS = YES_AGGRESSIVE;
				GCC_WARN_UNUSED_FUNCTION = YES;
				GCC_WARN_UNUSED_VARIABLE = YES;
				IPHONEOS_DEPLOYMENT_TARGET = 14.4;
				MTL_ENABLE_DEBUG_INFO = INCLUDE_SOURCE;
				MTL_FAST_MATH = YES;
				ONLY_ACTIVE_ARCH = YES;
				SDKROOT = iphoneos;
				SWIFT_ACTIVE_COMPILATION_CONDITIONS = DEBUG;
				SWIFT_OPTIMIZATION_LEVEL = "-Onone";
			};
			name = Debug;
		};
		9DABA655260E1B6F0001F8BC /* Release */ = {
			isa = XCBuildConfiguration;
			buildSettings = {
				ALWAYS_SEARCH_USER_PATHS = NO;
				CLANG_ANALYZER_NONNULL = YES;
				CLANG_ANALYZER_NUMBER_OBJECT_CONVERSION = YES_AGGRESSIVE;
				CLANG_CXX_LANGUAGE_STANDARD = "gnu++14";
				CLANG_CXX_LIBRARY = "libc++";
				CLANG_ENABLE_MODULES = YES;
				CLANG_ENABLE_OBJC_ARC = YES;
				CLANG_ENABLE_OBJC_WEAK = YES;
				CLANG_WARN_BLOCK_CAPTURE_AUTORELEASING = YES;
				CLANG_WARN_BOOL_CONVERSION = YES;
				CLANG_WARN_COMMA = YES;
				CLANG_WARN_CONSTANT_CONVERSION = YES;
				CLANG_WARN_DEPRECATED_OBJC_IMPLEMENTATIONS = YES;
				CLANG_WARN_DIRECT_OBJC_ISA_USAGE = YES_ERROR;
				CLANG_WARN_DOCUMENTATION_COMMENTS = YES;
				CLANG_WARN_EMPTY_BODY = YES;
				CLANG_WARN_ENUM_CONVERSION = YES;
				CLANG_WARN_INFINITE_RECURSION = YES;
				CLANG_WARN_INT_CONVERSION = YES;
				CLANG_WARN_NON_LITERAL_NULL_CONVERSION = YES;
				CLANG_WARN_OBJC_IMPLICIT_RETAIN_SELF = YES;
				CLANG_WARN_OBJC_LITERAL_CONVERSION = YES;
				CLANG_WARN_OBJC_ROOT_CLASS = YES_ERROR;
				CLANG_WARN_QUOTED_INCLUDE_IN_FRAMEWORK_HEADER = YES;
				CLANG_WARN_RANGE_LOOP_ANALYSIS = YES;
				CLANG_WARN_STRICT_PROTOTYPES = YES;
				CLANG_WARN_SUSPICIOUS_MOVE = YES;
				CLANG_WARN_UNGUARDED_AVAILABILITY = YES_AGGRESSIVE;
				CLANG_WARN_UNREACHABLE_CODE = YES;
				CLANG_WARN__DUPLICATE_METHOD_MATCH = YES;
				COPY_PHASE_STRIP = NO;
				DEBUG_INFORMATION_FORMAT = "dwarf-with-dsym";
				ENABLE_NS_ASSERTIONS = NO;
				ENABLE_STRICT_OBJC_MSGSEND = YES;
				GCC_C_LANGUAGE_STANDARD = gnu11;
				GCC_NO_COMMON_BLOCKS = YES;
				GCC_WARN_64_TO_32_BIT_CONVERSION = YES;
				GCC_WARN_ABOUT_RETURN_TYPE = YES_ERROR;
				GCC_WARN_UNDECLARED_SELECTOR = YES;
				GCC_WARN_UNINITIALIZED_AUTOS = YES_AGGRESSIVE;
				GCC_WARN_UNUSED_FUNCTION = YES;
				GCC_WARN_UNUSED_VARIABLE = YES;
				IPHONEOS_DEPLOYMENT_TARGET = 14.4;
				MTL_ENABLE_DEBUG_INFO = NO;
				MTL_FAST_MATH = YES;
				SDKROOT = iphoneos;
				SWIFT_COMPILATION_MODE = wholemodule;
				SWIFT_OPTIMIZATION_LEVEL = "-O";
				VALIDATE_PRODUCT = YES;
			};
			name = Release;
		};
		9DABA657260E1B6F0001F8BC /* Debug */ = {
			isa = XCBuildConfiguration;
			baseConfigurationReference = 8CB15A2D342BC4EC8C39479F /* Pods-ListagemFilmesBecaiOS.debug.xcconfig */;
			buildSettings = {
				ASSETCATALOG_COMPILER_APPICON_NAME = AppIcon;
				ASSETCATALOG_COMPILER_GLOBAL_ACCENT_COLOR_NAME = AccentColor;
				CODE_SIGN_STYLE = Automatic;
				DEVELOPMENT_TEAM = AR7T5G5Z83;
				INFOPLIST_FILE = ListagemFilmesBecaiOS/Info.plist;
				LD_RUNPATH_SEARCH_PATHS = (
					"$(inherited)",
					"@executable_path/Frameworks",
				);
				PRODUCT_BUNDLE_IDENTIFIER = com.lucaswkuipers.ListagemFilmesBecaiOS;
				PRODUCT_NAME = "$(TARGET_NAME)";
				SWIFT_VERSION = 5.0;
				TARGETED_DEVICE_FAMILY = 1;
			};
			name = Debug;
		};
		9DABA658260E1B6F0001F8BC /* Release */ = {
			isa = XCBuildConfiguration;
			baseConfigurationReference = FB72CA98281679128D0F1FF5 /* Pods-ListagemFilmesBecaiOS.release.xcconfig */;
			buildSettings = {
				ASSETCATALOG_COMPILER_APPICON_NAME = AppIcon;
				ASSETCATALOG_COMPILER_GLOBAL_ACCENT_COLOR_NAME = AccentColor;
				CODE_SIGN_STYLE = Automatic;
				DEVELOPMENT_TEAM = AR7T5G5Z83;
				INFOPLIST_FILE = ListagemFilmesBecaiOS/Info.plist;
				LD_RUNPATH_SEARCH_PATHS = (
					"$(inherited)",
					"@executable_path/Frameworks",
				);
				PRODUCT_BUNDLE_IDENTIFIER = com.lucaswkuipers.ListagemFilmesBecaiOS;
				PRODUCT_NAME = "$(TARGET_NAME)";
				SWIFT_VERSION = 5.0;
				TARGETED_DEVICE_FAMILY = 1;
			};
			name = Release;
		};
		9DABA65A260E1B6F0001F8BC /* Debug */ = {
			isa = XCBuildConfiguration;
			buildSettings = {
				ALWAYS_EMBED_SWIFT_STANDARD_LIBRARIES = YES;
				BUNDLE_LOADER = "$(TEST_HOST)";
				CODE_SIGN_STYLE = Automatic;
				DEVELOPMENT_TEAM = AR7T5G5Z83;
				INFOPLIST_FILE = ListagemFilmesBecaiOSTests/Info.plist;
				IPHONEOS_DEPLOYMENT_TARGET = 14.4;
				LD_RUNPATH_SEARCH_PATHS = (
					"$(inherited)",
					"@executable_path/Frameworks",
					"@loader_path/Frameworks",
				);
				PRODUCT_BUNDLE_IDENTIFIER = com.lucaswkuipers.ListagemFilmesBecaiOSTests;
				PRODUCT_NAME = "$(TARGET_NAME)";
				SWIFT_VERSION = 5.0;
				TARGETED_DEVICE_FAMILY = "1,2";
				TEST_HOST = "$(BUILT_PRODUCTS_DIR)/ListagemFilmesBecaiOS.app/ListagemFilmesBecaiOS";
			};
			name = Debug;
		};
		9DABA65B260E1B6F0001F8BC /* Release */ = {
			isa = XCBuildConfiguration;
			buildSettings = {
				ALWAYS_EMBED_SWIFT_STANDARD_LIBRARIES = YES;
				BUNDLE_LOADER = "$(TEST_HOST)";
				CODE_SIGN_STYLE = Automatic;
				DEVELOPMENT_TEAM = AR7T5G5Z83;
				INFOPLIST_FILE = ListagemFilmesBecaiOSTests/Info.plist;
				IPHONEOS_DEPLOYMENT_TARGET = 14.4;
				LD_RUNPATH_SEARCH_PATHS = (
					"$(inherited)",
					"@executable_path/Frameworks",
					"@loader_path/Frameworks",
				);
				PRODUCT_BUNDLE_IDENTIFIER = com.lucaswkuipers.ListagemFilmesBecaiOSTests;
				PRODUCT_NAME = "$(TARGET_NAME)";
				SWIFT_VERSION = 5.0;
				TARGETED_DEVICE_FAMILY = "1,2";
				TEST_HOST = "$(BUILT_PRODUCTS_DIR)/ListagemFilmesBecaiOS.app/ListagemFilmesBecaiOS";
			};
			name = Release;
		};
		9DABA65D260E1B6F0001F8BC /* Debug */ = {
			isa = XCBuildConfiguration;
			buildSettings = {
				ALWAYS_EMBED_SWIFT_STANDARD_LIBRARIES = YES;
				CODE_SIGN_STYLE = Automatic;
				DEVELOPMENT_TEAM = AR7T5G5Z83;
				INFOPLIST_FILE = ListagemFilmesBecaiOSUITests/Info.plist;
				LD_RUNPATH_SEARCH_PATHS = (
					"$(inherited)",
					"@executable_path/Frameworks",
					"@loader_path/Frameworks",
				);
				PRODUCT_BUNDLE_IDENTIFIER = com.lucaswkuipers.ListagemFilmesBecaiOSUITests;
				PRODUCT_NAME = "$(TARGET_NAME)";
				SWIFT_VERSION = 5.0;
				TARGETED_DEVICE_FAMILY = "1,2";
				TEST_TARGET_NAME = ListagemFilmesBecaiOS;
			};
			name = Debug;
		};
		9DABA65E260E1B6F0001F8BC /* Release */ = {
			isa = XCBuildConfiguration;
			buildSettings = {
				ALWAYS_EMBED_SWIFT_STANDARD_LIBRARIES = YES;
				CODE_SIGN_STYLE = Automatic;
				DEVELOPMENT_TEAM = AR7T5G5Z83;
				INFOPLIST_FILE = ListagemFilmesBecaiOSUITests/Info.plist;
				LD_RUNPATH_SEARCH_PATHS = (
					"$(inherited)",
					"@executable_path/Frameworks",
					"@loader_path/Frameworks",
				);
				PRODUCT_BUNDLE_IDENTIFIER = com.lucaswkuipers.ListagemFilmesBecaiOSUITests;
				PRODUCT_NAME = "$(TARGET_NAME)";
				SWIFT_VERSION = 5.0;
				TARGETED_DEVICE_FAMILY = "1,2";
				TEST_TARGET_NAME = ListagemFilmesBecaiOS;
			};
			name = Release;
		};
/* End XCBuildConfiguration section */

/* Begin XCConfigurationList section */
		9DABA624260E1B6B0001F8BC /* Build configuration list for PBXProject "ListagemFilmesBecaiOS" */ = {
			isa = XCConfigurationList;
			buildConfigurations = (
				9DABA654260E1B6F0001F8BC /* Debug */,
				9DABA655260E1B6F0001F8BC /* Release */,
			);
			defaultConfigurationIsVisible = 0;
			defaultConfigurationName = Release;
		};
		9DABA656260E1B6F0001F8BC /* Build configuration list for PBXNativeTarget "ListagemFilmesBecaiOS" */ = {
			isa = XCConfigurationList;
			buildConfigurations = (
				9DABA657260E1B6F0001F8BC /* Debug */,
				9DABA658260E1B6F0001F8BC /* Release */,
			);
			defaultConfigurationIsVisible = 0;
			defaultConfigurationName = Release;
		};
		9DABA659260E1B6F0001F8BC /* Build configuration list for PBXNativeTarget "ListagemFilmesBecaiOSTests" */ = {
			isa = XCConfigurationList;
			buildConfigurations = (
				9DABA65A260E1B6F0001F8BC /* Debug */,
				9DABA65B260E1B6F0001F8BC /* Release */,
			);
			defaultConfigurationIsVisible = 0;
			defaultConfigurationName = Release;
		};
		9DABA65C260E1B6F0001F8BC /* Build configuration list for PBXNativeTarget "ListagemFilmesBecaiOSUITests" */ = {
			isa = XCConfigurationList;
			buildConfigurations = (
				9DABA65D260E1B6F0001F8BC /* Debug */,
				9DABA65E260E1B6F0001F8BC /* Release */,
			);
			defaultConfigurationIsVisible = 0;
			defaultConfigurationName = Release;
		};
/* End XCConfigurationList section */

/* Begin XCVersionGroup section */
		9DABA635260E1B6B0001F8BC /* ListagemFilmesBecaiOS.xcdatamodeld */ = {
			isa = XCVersionGroup;
			children = (
				9DABA636260E1B6B0001F8BC /* ListagemFilmesBecaiOS.xcdatamodel */,
			);
			currentVersion = 9DABA636260E1B6B0001F8BC /* ListagemFilmesBecaiOS.xcdatamodel */;
			path = ListagemFilmesBecaiOS.xcdatamodeld;
			sourceTree = "<group>";
			versionGroupType = wrapper.xcdatamodel;
		};
/* End XCVersionGroup section */
	};
	rootObject = 9DABA621260E1B6B0001F8BC /* Project object */;
}
