// !$*UTF8*$!
{
	archiveVersion = 1;
	classes = {
	};
	objectVersion = 50;
	objects = {

/* Begin PBXBuildFile section */
		1B55913625A7742E00A98A55 /* AppDelegate.swift in Sources */ = {isa = PBXBuildFile; fileRef = 1B55913525A7742E00A98A55 /* AppDelegate.swift */; };
		1B55913825A7742E00A98A55 /* ViewController.swift in Sources */ = {isa = PBXBuildFile; fileRef = 1B55913725A7742E00A98A55 /* ViewController.swift */; };
		1B55913B25A7742E00A98A55 /* Main.storyboard in Resources */ = {isa = PBXBuildFile; fileRef = 1B55913925A7742E00A98A55 /* Main.storyboard */; };
		1B55913E25A7742E00A98A55 /* beca_filmes.xcdatamodeld in Sources */ = {isa = PBXBuildFile; fileRef = 1B55913C25A7742E00A98A55 /* beca_filmes.xcdatamodeld */; };
		1B55914025A7742F00A98A55 /* Assets.xcassets in Resources */ = {isa = PBXBuildFile; fileRef = 1B55913F25A7742F00A98A55 /* Assets.xcassets */; };
		1B55914325A7742F00A98A55 /* LaunchScreen.storyboard in Resources */ = {isa = PBXBuildFile; fileRef = 1B55914125A7742F00A98A55 /* LaunchScreen.storyboard */; };
		1B57D85425A7788300FF5D5A /* FilmesAPI.swift in Sources */ = {isa = PBXBuildFile; fileRef = 1B57D85325A7788300FF5D5A /* FilmesAPI.swift */; };
		1BAB9D6425A8E3AC00A14BFB /* Filmes.swift in Sources */ = {isa = PBXBuildFile; fileRef = 1BAB9D6325A8E3AC00A14BFB /* Filmes.swift */; };
		1BD8098A25ACBD6B003AB95D /* TendenciasCollectionViewCell.swift in Sources */ = {isa = PBXBuildFile; fileRef = 1BD8098925ACBD6B003AB95D /* TendenciasCollectionViewCell.swift */; };
		1BD8098E25ACDC96003AB95D /* DetalhesViewController.swift in Sources */ = {isa = PBXBuildFile; fileRef = 1BD8098D25ACDC96003AB95D /* DetalhesViewController.swift */; };
		D3591233DCC5F8F0F3BD91DD /* Pods_beca_filmes.framework in Frameworks */ = {isa = PBXBuildFile; fileRef = 129B7020B1E25353B02CFE3D /* Pods_beca_filmes.framework */; };
/* End PBXBuildFile section */

/* Begin PBXFileReference section */
		129B7020B1E25353B02CFE3D /* Pods_beca_filmes.framework */ = {isa = PBXFileReference; explicitFileType = wrapper.framework; includeInIndex = 0; path = Pods_beca_filmes.framework; sourceTree = BUILT_PRODUCTS_DIR; };
		1B55913225A7742E00A98A55 /* beca-filmes.app */ = {isa = PBXFileReference; explicitFileType = wrapper.application; includeInIndex = 0; path = "beca-filmes.app"; sourceTree = BUILT_PRODUCTS_DIR; };
		1B55913525A7742E00A98A55 /* AppDelegate.swift */ = {isa = PBXFileReference; lastKnownFileType = sourcecode.swift; path = AppDelegate.swift; sourceTree = "<group>"; };
		1B55913725A7742E00A98A55 /* ViewController.swift */ = {isa = PBXFileReference; lastKnownFileType = sourcecode.swift; path = ViewController.swift; sourceTree = "<group>"; };
		1B55913A25A7742E00A98A55 /* Base */ = {isa = PBXFileReference; lastKnownFileType = file.storyboard; name = Base; path = Base.lproj/Main.storyboard; sourceTree = "<group>"; };
		1B55913D25A7742E00A98A55 /* beca_filmes.xcdatamodel */ = {isa = PBXFileReference; lastKnownFileType = wrapper.xcdatamodel; path = beca_filmes.xcdatamodel; sourceTree = "<group>"; };
		1B55913F25A7742F00A98A55 /* Assets.xcassets */ = {isa = PBXFileReference; lastKnownFileType = folder.assetcatalog; path = Assets.xcassets; sourceTree = "<group>"; };
		1B55914225A7742F00A98A55 /* Base */ = {isa = PBXFileReference; lastKnownFileType = file.storyboard; name = Base; path = Base.lproj/LaunchScreen.storyboard; sourceTree = "<group>"; };
		1B55914425A7742F00A98A55 /* Info.plist */ = {isa = PBXFileReference; lastKnownFileType = text.plist.xml; path = Info.plist; sourceTree = "<group>"; };
		1B57D85325A7788300FF5D5A /* FilmesAPI.swift */ = {isa = PBXFileReference; lastKnownFileType = sourcecode.swift; path = FilmesAPI.swift; sourceTree = "<group>"; };
		1BAB9D6325A8E3AC00A14BFB /* Filmes.swift */ = {isa = PBXFileReference; lastKnownFileType = sourcecode.swift; path = Filmes.swift; sourceTree = "<group>"; };
		1BD8098925ACBD6B003AB95D /* TendenciasCollectionViewCell.swift */ = {isa = PBXFileReference; lastKnownFileType = sourcecode.swift; path = TendenciasCollectionViewCell.swift; sourceTree = "<group>"; };
		1BD8098D25ACDC96003AB95D /* DetalhesViewController.swift */ = {isa = PBXFileReference; lastKnownFileType = sourcecode.swift; path = DetalhesViewController.swift; sourceTree = "<group>"; };
		BE8A90F4B42731BBC9CD2EAD /* Pods-beca-filmes.release.xcconfig */ = {isa = PBXFileReference; includeInIndex = 1; lastKnownFileType = text.xcconfig; name = "Pods-beca-filmes.release.xcconfig"; path = "Pods/Target Support Files/Pods-beca-filmes/Pods-beca-filmes.release.xcconfig"; sourceTree = "<group>"; };
		DAC282D32091E93FFDE5ABA6 /* Pods-beca-filmes.debug.xcconfig */ = {isa = PBXFileReference; includeInIndex = 1; lastKnownFileType = text.xcconfig; name = "Pods-beca-filmes.debug.xcconfig"; path = "Pods/Target Support Files/Pods-beca-filmes/Pods-beca-filmes.debug.xcconfig"; sourceTree = "<group>"; };
/* End PBXFileReference section */

/* Begin PBXFrameworksBuildPhase section */
		1B55912F25A7742E00A98A55 /* Frameworks */ = {
			isa = PBXFrameworksBuildPhase;
			buildActionMask = 2147483647;
			files = (
				D3591233DCC5F8F0F3BD91DD /* Pods_beca_filmes.framework in Frameworks */,
			);
			runOnlyForDeploymentPostprocessing = 0;
		};
/* End PBXFrameworksBuildPhase section */

/* Begin PBXGroup section */
		181D6CE409F6189398FC8043 /* Frameworks */ = {
			isa = PBXGroup;
			children = (
				129B7020B1E25353B02CFE3D /* Pods_beca_filmes.framework */,
			);
			name = Frameworks;
			sourceTree = "<group>";
		};
		1B55912925A7742E00A98A55 = {
			isa = PBXGroup;
			children = (
				1B55913425A7742E00A98A55 /* beca-filmes */,
				1B55913325A7742E00A98A55 /* Products */,
				D57F38419373BB136CB4F199 /* Pods */,
				181D6CE409F6189398FC8043 /* Frameworks */,
			);
			sourceTree = "<group>";
		};
		1B55913325A7742E00A98A55 /* Products */ = {
			isa = PBXGroup;
			children = (
				1B55913225A7742E00A98A55 /* beca-filmes.app */,
			);
			name = Products;
			sourceTree = "<group>";
		};
		1B55913425A7742E00A98A55 /* beca-filmes */ = {
			isa = PBXGroup;
			children = (
				1B55913525A7742E00A98A55 /* AppDelegate.swift */,
				1B57D85025A7780A00FF5D5A /* Home */,
				1BD8098B25ACDC45003AB95D /* Detalhes */,
				1B55913925A7742E00A98A55 /* Main.storyboard */,
				1B55913F25A7742F00A98A55 /* Assets.xcassets */,
				1B55914125A7742F00A98A55 /* LaunchScreen.storyboard */,
				1B55914425A7742F00A98A55 /* Info.plist */,
				1B55913C25A7742E00A98A55 /* beca_filmes.xcdatamodeld */,
			);
			path = "beca-filmes";
			sourceTree = "<group>";
		};
		1B57D85025A7780A00FF5D5A /* Home */ = {
			isa = PBXGroup;
			children = (
				1B57D85225A7786C00FF5D5A /* Model */,
				1BD8098825ACBCA9003AB95D /* View */,
				1B57D85125A7781000FF5D5A /* Controller */,
			);
			path = Home;
			sourceTree = "<group>";
		};
		1B57D85125A7781000FF5D5A /* Controller */ = {
			isa = PBXGroup;
			children = (
				1B55913725A7742E00A98A55 /* ViewController.swift */,
			);
			path = Controller;
			sourceTree = "<group>";
		};
		1B57D85225A7786C00FF5D5A /* Model */ = {
			isa = PBXGroup;
			children = (
				1BAB9D6325A8E3AC00A14BFB /* Filmes.swift */,
				1B57D85325A7788300FF5D5A /* FilmesAPI.swift */,
			);
			path = Model;
			sourceTree = "<group>";
		};
		1BD8098825ACBCA9003AB95D /* View */ = {
			isa = PBXGroup;
			children = (
				1BD8098925ACBD6B003AB95D /* TendenciasCollectionViewCell.swift */,
			);
			path = View;
			sourceTree = "<group>";
		};
		1BD8098B25ACDC45003AB95D /* Detalhes */ = {
			isa = PBXGroup;
			children = (
				1BD8098C25ACDC54003AB95D /* Controller */,
			);
			path = Detalhes;
			sourceTree = "<group>";
		};
		1BD8098C25ACDC54003AB95D /* Controller */ = {
			isa = PBXGroup;
			children = (
				1BD8098D25ACDC96003AB95D /* DetalhesViewController.swift */,
			);
			path = Controller;
			sourceTree = "<group>";
		};
		D57F38419373BB136CB4F199 /* Pods */ = {
			isa = PBXGroup;
			children = (
				DAC282D32091E93FFDE5ABA6 /* Pods-beca-filmes.debug.xcconfig */,
				BE8A90F4B42731BBC9CD2EAD /* Pods-beca-filmes.release.xcconfig */,
			);
			name = Pods;
			sourceTree = "<group>";
		};
/* End PBXGroup section */

/* Begin PBXNativeTarget section */
		1B55913125A7742E00A98A55 /* beca-filmes */ = {
			isa = PBXNativeTarget;
			buildConfigurationList = 1B55914725A7742F00A98A55 /* Build configuration list for PBXNativeTarget "beca-filmes" */;
			buildPhases = (
				51E777CFA13A50DC7ED49173 /* [CP] Check Pods Manifest.lock */,
				1B55912E25A7742E00A98A55 /* Sources */,
				1B55912F25A7742E00A98A55 /* Frameworks */,
				1B55913025A7742E00A98A55 /* Resources */,
				C4B0F781E0662272AEBD605B /* [CP] Embed Pods Frameworks */,
			);
			buildRules = (
			);
			dependencies = (
			);
			name = "beca-filmes";
			productName = "beca-filmes";
			productReference = 1B55913225A7742E00A98A55 /* beca-filmes.app */;
			productType = "com.apple.product-type.application";
		};
/* End PBXNativeTarget section */

/* Begin PBXProject section */
		1B55912A25A7742E00A98A55 /* Project object */ = {
			isa = PBXProject;
			attributes = {
				LastSwiftUpdateCheck = 1010;
				LastUpgradeCheck = 1010;
				ORGANIZATIONNAME = "Gabriel Santos Souza";
				TargetAttributes = {
					1B55913125A7742E00A98A55 = {
						CreatedOnToolsVersion = 10.1;
					};
				};
			};
			buildConfigurationList = 1B55912D25A7742E00A98A55 /* Build configuration list for PBXProject "beca-filmes" */;
			compatibilityVersion = "Xcode 9.3";
			developmentRegion = en;
			hasScannedForEncodings = 0;
			knownRegions = (
				en,
				Base,
			);
			mainGroup = 1B55912925A7742E00A98A55;
			productRefGroup = 1B55913325A7742E00A98A55 /* Products */;
			projectDirPath = "";
			projectRoot = "";
			targets = (
				1B55913125A7742E00A98A55 /* beca-filmes */,
			);
		};
/* End PBXProject section */

/* Begin PBXResourcesBuildPhase section */
		1B55913025A7742E00A98A55 /* Resources */ = {
			isa = PBXResourcesBuildPhase;
			buildActionMask = 2147483647;
			files = (
				1B55914325A7742F00A98A55 /* LaunchScreen.storyboard in Resources */,
				1B55914025A7742F00A98A55 /* Assets.xcassets in Resources */,
				1B55913B25A7742E00A98A55 /* Main.storyboard in Resources */,
			);
			runOnlyForDeploymentPostprocessing = 0;
		};
/* End PBXResourcesBuildPhase section */

/* Begin PBXShellScriptBuildPhase section */
		51E777CFA13A50DC7ED49173 /* [CP] Check Pods Manifest.lock */ = {
			isa = PBXShellScriptBuildPhase;
			buildActionMask = 2147483647;
			files = (
			);
			inputPaths = (
				"${PODS_PODFILE_DIR_PATH}/Podfile.lock",
				"${PODS_ROOT}/Manifest.lock",
			);
			name = "[CP] Check Pods Manifest.lock";
			outputPaths = (
				"$(DERIVED_FILE_DIR)/Pods-beca-filmes-checkManifestLockResult.txt",
			);
			runOnlyForDeploymentPostprocessing = 0;
			shellPath = /bin/sh;
			shellScript = "diff \"${PODS_PODFILE_DIR_PATH}/Podfile.lock\" \"${PODS_ROOT}/Manifest.lock\" > /dev/null\nif [ $? != 0 ] ; then\n    # print error to STDERR\n    echo \"error: The sandbox is not in sync with the Podfile.lock. Run 'pod install' or update your CocoaPods installation.\" >&2\n    exit 1\nfi\n# This output is used by Xcode 'outputs' to avoid re-running this script phase.\necho \"SUCCESS\" > \"${SCRIPT_OUTPUT_FILE_0}\"\n";
			showEnvVarsInLog = 0;
		};
		C4B0F781E0662272AEBD605B /* [CP] Embed Pods Frameworks */ = {
			isa = PBXShellScriptBuildPhase;
			buildActionMask = 2147483647;
			files = (
			);
			inputPaths = (
				"${SRCROOT}/Pods/Target Support Files/Pods-beca-filmes/Pods-beca-filmes-frameworks.sh",
				"${BUILT_PRODUCTS_DIR}/Alamofire/Alamofire.framework",
				"${BUILT_PRODUCTS_DIR}/AlamofireImage/AlamofireImage.framework",
			);
			name = "[CP] Embed Pods Frameworks";
			outputPaths = (
				"${TARGET_BUILD_DIR}/${FRAMEWORKS_FOLDER_PATH}/Alamofire.framework",
				"${TARGET_BUILD_DIR}/${FRAMEWORKS_FOLDER_PATH}/AlamofireImage.framework",
			);
			runOnlyForDeploymentPostprocessing = 0;
			shellPath = /bin/sh;
			shellScript = "\"${SRCROOT}/Pods/Target Support Files/Pods-beca-filmes/Pods-beca-filmes-frameworks.sh\"\n";
			showEnvVarsInLog = 0;
		};
/* End PBXShellScriptBuildPhase section */

/* Begin PBXSourcesBuildPhase section */
		1B55912E25A7742E00A98A55 /* Sources */ = {
			isa = PBXSourcesBuildPhase;
			buildActionMask = 2147483647;
			files = (
				1BD8098E25ACDC96003AB95D /* DetalhesViewController.swift in Sources */,
				1B57D85425A7788300FF5D5A /* FilmesAPI.swift in Sources */,
				1B55913E25A7742E00A98A55 /* beca_filmes.xcdatamodeld in Sources */,
				1B55913825A7742E00A98A55 /* ViewController.swift in Sources */,
				1B55913625A7742E00A98A55 /* AppDelegate.swift in Sources */,
				1BD8098A25ACBD6B003AB95D /* TendenciasCollectionViewCell.swift in Sources */,
				1BAB9D6425A8E3AC00A14BFB /* Filmes.swift in Sources */,
			);
			runOnlyForDeploymentPostprocessing = 0;
		};
/* End PBXSourcesBuildPhase section */

/* Begin PBXVariantGroup section */
		1B55913925A7742E00A98A55 /* Main.storyboard */ = {
			isa = PBXVariantGroup;
			children = (
				1B55913A25A7742E00A98A55 /* Base */,
			);
			name = Main.storyboard;
			sourceTree = "<group>";
		};
		1B55914125A7742F00A98A55 /* LaunchScreen.storyboard */ = {
			isa = PBXVariantGroup;
			children = (
				1B55914225A7742F00A98A55 /* Base */,
			);
			name = LaunchScreen.storyboard;
			sourceTree = "<group>";
		};
/* End PBXVariantGroup section */

/* Begin XCBuildConfiguration section */
		1B55914525A7742F00A98A55 /* Debug */ = {
			isa = XCBuildConfiguration;
			buildSettings = {
				ALWAYS_SEARCH_USER_PATHS = NO;
				CLANG_ANALYZER_NONNULL = YES;
				CLANG_ANALYZER_NUMBER_OBJECT_CONVERSION = YES_AGGRESSIVE;
				CLANG_CXX_LANGUAGE_STANDARD = "gnu++14";
				CLANG_CXX_LIBRARY = "libc++";
				CLANG_ENABLE_MODULES = YES;
				CLANG_ENABLE_OBJC_ARC = YES;
				CLANG_ENABLE_OBJC_WEAK = YES;
				CLANG_WARN_BLOCK_CAPTURE_AUTORELEASING = YES;
				CLANG_WARN_BOOL_CONVERSION = YES;
				CLANG_WARN_COMMA = YES;
				CLANG_WARN_CONSTANT_CONVERSION = YES;
				CLANG_WARN_DEPRECATED_OBJC_IMPLEMENTATIONS = YES;
				CLANG_WARN_DIRECT_OBJC_ISA_USAGE = YES_ERROR;
				CLANG_WARN_DOCUMENTATION_COMMENTS = YES;
				CLANG_WARN_EMPTY_BODY = YES;
				CLANG_WARN_ENUM_CONVERSION = YES;
				CLANG_WARN_INFINITE_RECURSION = YES;
				CLANG_WARN_INT_CONVERSION = YES;
				CLANG_WARN_NON_LITERAL_NULL_CONVERSION = YES;
				CLANG_WARN_OBJC_IMPLICIT_RETAIN_SELF = YES;
				CLANG_WARN_OBJC_LITERAL_CONVERSION = YES;
				CLANG_WARN_OBJC_ROOT_CLASS = YES_ERROR;
				CLANG_WARN_RANGE_LOOP_ANALYSIS = YES;
				CLANG_WARN_STRICT_PROTOTYPES = YES;
				CLANG_WARN_SUSPICIOUS_MOVE = YES;
				CLANG_WARN_UNGUARDED_AVAILABILITY = YES_AGGRESSIVE;
				CLANG_WARN_UNREACHABLE_CODE = YES;
				CLANG_WARN__DUPLICATE_METHOD_MATCH = YES;
				CODE_SIGN_IDENTITY = "iPhone Developer";
				COPY_PHASE_STRIP = NO;
				DEBUG_INFORMATION_FORMAT = dwarf;
				ENABLE_STRICT_OBJC_MSGSEND = YES;
				ENABLE_TESTABILITY = YES;
				GCC_C_LANGUAGE_STANDARD = gnu11;
				GCC_DYNAMIC_NO_PIC = NO;
				GCC_NO_COMMON_BLOCKS = YES;
				GCC_OPTIMIZATION_LEVEL = 0;
				GCC_PREPROCESSOR_DEFINITIONS = (
					"DEBUG=1",
					"$(inherited)",
				);
				GCC_WARN_64_TO_32_BIT_CONVERSION = YES;
				GCC_WARN_ABOUT_RETURN_TYPE = YES_ERROR;
				GCC_WARN_UNDECLARED_SELECTOR = YES;
				GCC_WARN_UNINITIALIZED_AUTOS = YES_AGGRESSIVE;
				GCC_WARN_UNUSED_FUNCTION = YES;
				GCC_WARN_UNUSED_VARIABLE = YES;
				IPHONEOS_DEPLOYMENT_TARGET = 12.1;
				MTL_ENABLE_DEBUG_INFO = INCLUDE_SOURCE;
				MTL_FAST_MATH = YES;
				ONLY_ACTIVE_ARCH = YES;
				SDKROOT = iphoneos;
				SWIFT_ACTIVE_COMPILATION_CONDITIONS = DEBUG;
				SWIFT_OPTIMIZATION_LEVEL = "-Onone";
			};
			name = Debug;
		};
		1B55914625A7742F00A98A55 /* Release */ = {
			isa = XCBuildConfiguration;
			buildSettings = {
				ALWAYS_SEARCH_USER_PATHS = NO;
				CLANG_ANALYZER_NONNULL = YES;
				CLANG_ANALYZER_NUMBER_OBJECT_CONVERSION = YES_AGGRESSIVE;
				CLANG_CXX_LANGUAGE_STANDARD = "gnu++14";
				CLANG_CXX_LIBRARY = "libc++";
				CLANG_ENABLE_MODULES = YES;
				CLANG_ENABLE_OBJC_ARC = YES;
				CLANG_ENABLE_OBJC_WEAK = YES;
				CLANG_WARN_BLOCK_CAPTURE_AUTORELEASING = YES;
				CLANG_WARN_BOOL_CONVERSION = YES;
				CLANG_WARN_COMMA = YES;
				CLANG_WARN_CONSTANT_CONVERSION = YES;
				CLANG_WARN_DEPRECATED_OBJC_IMPLEMENTATIONS = YES;
				CLANG_WARN_DIRECT_OBJC_ISA_USAGE = YES_ERROR;
				CLANG_WARN_DOCUMENTATION_COMMENTS = YES;
				CLANG_WARN_EMPTY_BODY = YES;
				CLANG_WARN_ENUM_CONVERSION = YES;
				CLANG_WARN_INFINITE_RECURSION = YES;
				CLANG_WARN_INT_CONVERSION = YES;
				CLANG_WARN_NON_LITERAL_NULL_CONVERSION = YES;
				CLANG_WARN_OBJC_IMPLICIT_RETAIN_SELF = YES;
				CLANG_WARN_OBJC_LITERAL_CONVERSION = YES;
				CLANG_WARN_OBJC_ROOT_CLASS = YES_ERROR;
				CLANG_WARN_RANGE_LOOP_ANALYSIS = YES;
				CLANG_WARN_STRICT_PROTOTYPES = YES;
				CLANG_WARN_SUSPICIOUS_MOVE = YES;
				CLANG_WARN_UNGUARDED_AVAILABILITY = YES_AGGRESSIVE;
				CLANG_WARN_UNREACHABLE_CODE = YES;
				CLANG_WARN__DUPLICATE_METHOD_MATCH = YES;
				CODE_SIGN_IDENTITY = "iPhone Developer";
				COPY_PHASE_STRIP = NO;
				DEBUG_INFORMATION_FORMAT = "dwarf-with-dsym";
				ENABLE_NS_ASSERTIONS = NO;
				ENABLE_STRICT_OBJC_MSGSEND = YES;
				GCC_C_LANGUAGE_STANDARD = gnu11;
				GCC_NO_COMMON_BLOCKS = YES;
				GCC_WARN_64_TO_32_BIT_CONVERSION = YES;
				GCC_WARN_ABOUT_RETURN_TYPE = YES_ERROR;
				GCC_WARN_UNDECLARED_SELECTOR = YES;
				GCC_WARN_UNINITIALIZED_AUTOS = YES_AGGRESSIVE;
				GCC_WARN_UNUSED_FUNCTION = YES;
				GCC_WARN_UNUSED_VARIABLE = YES;
				IPHONEOS_DEPLOYMENT_TARGET = 12.1;
				MTL_ENABLE_DEBUG_INFO = NO;
				MTL_FAST_MATH = YES;
				SDKROOT = iphoneos;
				SWIFT_COMPILATION_MODE = wholemodule;
				SWIFT_OPTIMIZATION_LEVEL = "-O";
				VALIDATE_PRODUCT = YES;
			};
			name = Release;
		};
		1B55914825A7742F00A98A55 /* Debug */ = {
			isa = XCBuildConfiguration;
			baseConfigurationReference = DAC282D32091E93FFDE5ABA6 /* Pods-beca-filmes.debug.xcconfig */;
			buildSettings = {
				ASSETCATALOG_COMPILER_APPICON_NAME = AppIcon;
				CODE_SIGN_STYLE = Automatic;
				INFOPLIST_FILE = "beca-filmes/Info.plist";
				LD_RUNPATH_SEARCH_PATHS = (
					"$(inherited)",
					"@executable_path/Frameworks",
				);
				PRODUCT_BUNDLE_IDENTIFIER = "br.com.everis.beca-filmes";
				PRODUCT_NAME = "$(TARGET_NAME)";
				SWIFT_VERSION = 4.2;
				TARGETED_DEVICE_FAMILY = "1,2";
			};
			name = Debug;
		};
		1B55914925A7742F00A98A55 /* Release */ = {
			isa = XCBuildConfiguration;
			baseConfigurationReference = BE8A90F4B42731BBC9CD2EAD /* Pods-beca-filmes.release.xcconfig */;
			buildSettings = {
				ASSETCATALOG_COMPILER_APPICON_NAME = AppIcon;
				CODE_SIGN_STYLE = Automatic;
				INFOPLIST_FILE = "beca-filmes/Info.plist";
				LD_RUNPATH_SEARCH_PATHS = (
					"$(inherited)",
					"@executable_path/Frameworks",
				);
				PRODUCT_BUNDLE_IDENTIFIER = "br.com.everis.beca-filmes";
				PRODUCT_NAME = "$(TARGET_NAME)";
				SWIFT_VERSION = 4.2;
				TARGETED_DEVICE_FAMILY = "1,2";
			};
			name = Release;
		};
/* End XCBuildConfiguration section */

/* Begin XCConfigurationList section */
		1B55912D25A7742E00A98A55 /* Build configuration list for PBXProject "beca-filmes" */ = {
			isa = XCConfigurationList;
			buildConfigurations = (
				1B55914525A7742F00A98A55 /* Debug */,
				1B55914625A7742F00A98A55 /* Release */,
			);
			defaultConfigurationIsVisible = 0;
			defaultConfigurationName = Release;
		};
		1B55914725A7742F00A98A55 /* Build configuration list for PBXNativeTarget "beca-filmes" */ = {
			isa = XCConfigurationList;
			buildConfigurations = (
				1B55914825A7742F00A98A55 /* Debug */,
				1B55914925A7742F00A98A55 /* Release */,
			);
			defaultConfigurationIsVisible = 0;
			defaultConfigurationName = Release;
		};
/* End XCConfigurationList section */

/* Begin XCVersionGroup section */
		1B55913C25A7742E00A98A55 /* beca_filmes.xcdatamodeld */ = {
			isa = XCVersionGroup;
			children = (
				1B55913D25A7742E00A98A55 /* beca_filmes.xcdatamodel */,
			);
			currentVersion = 1B55913D25A7742E00A98A55 /* beca_filmes.xcdatamodel */;
			path = beca_filmes.xcdatamodeld;
			sourceTree = "<group>";
			versionGroupType = wrapper.xcdatamodel;
		};
/* End XCVersionGroup section */
	};
	rootObject = 1B55912A25A7742E00A98A55 /* Project object */;
}
