// !$*UTF8*$!
{
	archiveVersion = 1;
	classes = {
	};
	objectVersion = 50;
	objects = {

/* Begin PBXBuildFile section */
		4BC9749B9531299F7EE83F0D /* Pods_StarMovies.framework in Frameworks */ = {isa = PBXBuildFile; fileRef = 8AC12E5FF0B28BDC16847373 /* Pods_StarMovies.framework */; };
		A281BAD725A76E86007FD0F4 /* Filme.swift in Sources */ = {isa = PBXBuildFile; fileRef = A281BAD625A76E86007FD0F4 /* Filme.swift */; };
		A281BADA25A7806D007FD0F4 /* estrela.png in Resources */ = {isa = PBXBuildFile; fileRef = A281BAD925A7806D007FD0F4 /* estrela.png */; };
		A28BB9CF25A7662D006B5B37 /* DetalhesFilmeViewController.swift in Sources */ = {isa = PBXBuildFile; fileRef = A28BB9CE25A7662D006B5B37 /* DetalhesFilmeViewController.swift */; };
		A2E4B2A525A73E4700A86821 /* AppDelegate.swift in Sources */ = {isa = PBXBuildFile; fileRef = A2E4B2A425A73E4700A86821 /* AppDelegate.swift */; };
		A2E4B2A725A73E4700A86821 /* ViewController.swift in Sources */ = {isa = PBXBuildFile; fileRef = A2E4B2A625A73E4700A86821 /* ViewController.swift */; };
		A2E4B2AA25A73E4700A86821 /* Main.storyboard in Resources */ = {isa = PBXBuildFile; fileRef = A2E4B2A825A73E4700A86821 /* Main.storyboard */; };
		A2E4B2AD25A73E4700A86821 /* StarMovies.xcdatamodeld in Sources */ = {isa = PBXBuildFile; fileRef = A2E4B2AB25A73E4700A86821 /* StarMovies.xcdatamodeld */; };
		A2E4B2AF25A73E4B00A86821 /* Assets.xcassets in Resources */ = {isa = PBXBuildFile; fileRef = A2E4B2AE25A73E4B00A86821 /* Assets.xcassets */; };
		A2E4B2B225A73E4B00A86821 /* LaunchScreen.storyboard in Resources */ = {isa = PBXBuildFile; fileRef = A2E4B2B025A73E4B00A86821 /* LaunchScreen.storyboard */; };
		A2E4B2BD25A73F2700A86821 /* TendenciasFilmesViewController.swift in Sources */ = {isa = PBXBuildFile; fileRef = A2E4B2BC25A73F2700A86821 /* TendenciasFilmesViewController.swift */; };
		A2E4B2C025A740D700A86821 /* FilmeAPI.swift in Sources */ = {isa = PBXBuildFile; fileRef = A2E4B2BF25A740D700A86821 /* FilmeAPI.swift */; };
		A2E4B2C225A74C7400A86821 /* FilmeCollectionViewCell.swift in Sources */ = {isa = PBXBuildFile; fileRef = A2E4B2C125A74C7400A86821 /* FilmeCollectionViewCell.swift */; };
/* End PBXBuildFile section */

/* Begin PBXFileReference section */
		81A418E57EE7942AF2E3DAEB /* Pods-StarMovies.debug.xcconfig */ = {isa = PBXFileReference; includeInIndex = 1; lastKnownFileType = text.xcconfig; name = "Pods-StarMovies.debug.xcconfig"; path = "Pods/Target Support Files/Pods-StarMovies/Pods-StarMovies.debug.xcconfig"; sourceTree = "<group>"; };
		8AC12E5FF0B28BDC16847373 /* Pods_StarMovies.framework */ = {isa = PBXFileReference; explicitFileType = wrapper.framework; includeInIndex = 0; path = Pods_StarMovies.framework; sourceTree = BUILT_PRODUCTS_DIR; };
		A281BAD625A76E86007FD0F4 /* Filme.swift */ = {isa = PBXFileReference; lastKnownFileType = sourcecode.swift; path = Filme.swift; sourceTree = "<group>"; };
		A281BAD925A7806D007FD0F4 /* estrela.png */ = {isa = PBXFileReference; lastKnownFileType = image.png; path = estrela.png; sourceTree = "<group>"; };
		A28BB9CE25A7662D006B5B37 /* DetalhesFilmeViewController.swift */ = {isa = PBXFileReference; lastKnownFileType = sourcecode.swift; path = DetalhesFilmeViewController.swift; sourceTree = "<group>"; };
		A2E4B2A125A73E4700A86821 /* StarMovies.app */ = {isa = PBXFileReference; explicitFileType = wrapper.application; includeInIndex = 0; path = StarMovies.app; sourceTree = BUILT_PRODUCTS_DIR; };
		A2E4B2A425A73E4700A86821 /* AppDelegate.swift */ = {isa = PBXFileReference; lastKnownFileType = sourcecode.swift; path = AppDelegate.swift; sourceTree = "<group>"; };
		A2E4B2A625A73E4700A86821 /* ViewController.swift */ = {isa = PBXFileReference; lastKnownFileType = sourcecode.swift; path = ViewController.swift; sourceTree = "<group>"; };
		A2E4B2A925A73E4700A86821 /* Base */ = {isa = PBXFileReference; lastKnownFileType = file.storyboard; name = Base; path = Base.lproj/Main.storyboard; sourceTree = "<group>"; };
		A2E4B2AC25A73E4700A86821 /* StarMovies.xcdatamodel */ = {isa = PBXFileReference; lastKnownFileType = wrapper.xcdatamodel; path = StarMovies.xcdatamodel; sourceTree = "<group>"; };
		A2E4B2AE25A73E4B00A86821 /* Assets.xcassets */ = {isa = PBXFileReference; lastKnownFileType = folder.assetcatalog; path = Assets.xcassets; sourceTree = "<group>"; };
		A2E4B2B125A73E4B00A86821 /* Base */ = {isa = PBXFileReference; lastKnownFileType = file.storyboard; name = Base; path = Base.lproj/LaunchScreen.storyboard; sourceTree = "<group>"; };
		A2E4B2B325A73E4B00A86821 /* Info.plist */ = {isa = PBXFileReference; lastKnownFileType = text.plist.xml; path = Info.plist; sourceTree = "<group>"; };
		A2E4B2BC25A73F2700A86821 /* TendenciasFilmesViewController.swift */ = {isa = PBXFileReference; lastKnownFileType = sourcecode.swift; path = TendenciasFilmesViewController.swift; sourceTree = "<group>"; };
		A2E4B2BF25A740D700A86821 /* FilmeAPI.swift */ = {isa = PBXFileReference; lastKnownFileType = sourcecode.swift; path = FilmeAPI.swift; sourceTree = "<group>"; };
		A2E4B2C125A74C7400A86821 /* FilmeCollectionViewCell.swift */ = {isa = PBXFileReference; lastKnownFileType = sourcecode.swift; path = FilmeCollectionViewCell.swift; sourceTree = "<group>"; };
		A9CB8883844C9ACAD6C65857 /* Pods-StarMovies.release.xcconfig */ = {isa = PBXFileReference; includeInIndex = 1; lastKnownFileType = text.xcconfig; name = "Pods-StarMovies.release.xcconfig"; path = "Pods/Target Support Files/Pods-StarMovies/Pods-StarMovies.release.xcconfig"; sourceTree = "<group>"; };
/* End PBXFileReference section */

/* Begin PBXFrameworksBuildPhase section */
		A2E4B29E25A73E4700A86821 /* Frameworks */ = {
			isa = PBXFrameworksBuildPhase;
			buildActionMask = 2147483647;
			files = (
				4BC9749B9531299F7EE83F0D /* Pods_StarMovies.framework in Frameworks */,
			);
			runOnlyForDeploymentPostprocessing = 0;
		};
/* End PBXFrameworksBuildPhase section */

/* Begin PBXGroup section */
		57DEFCBEA9B2747DE078A72D /* Pods */ = {
			isa = PBXGroup;
			children = (
				81A418E57EE7942AF2E3DAEB /* Pods-StarMovies.debug.xcconfig */,
				A9CB8883844C9ACAD6C65857 /* Pods-StarMovies.release.xcconfig */,
			);
			name = Pods;
			sourceTree = "<group>";
		};
		784BC304F577CBF748568F3B /* Frameworks */ = {
			isa = PBXGroup;
			children = (
				8AC12E5FF0B28BDC16847373 /* Pods_StarMovies.framework */,
			);
			name = Frameworks;
			sourceTree = "<group>";
		};
		A281BAD525A76E5B007FD0F4 /* Model */ = {
			isa = PBXGroup;
			children = (
				A281BAD625A76E86007FD0F4 /* Filme.swift */,
			);
			path = Model;
			sourceTree = "<group>";
		};
		A281BAD825A78060007FD0F4 /* Assets */ = {
			isa = PBXGroup;
			children = (
				A281BAD925A7806D007FD0F4 /* estrela.png */,
			);
			path = Assets;
			sourceTree = "<group>";
		};
		A28BB9C925A76578006B5B37 /* DetalhesFilme */ = {
			isa = PBXGroup;
			children = (
				A28BB9CB25A765B8006B5B37 /* View */,
				A28BB9CA25A7657C006B5B37 /* Controller */,
			);
			path = DetalhesFilme;
			sourceTree = "<group>";
		};
		A28BB9CA25A7657C006B5B37 /* Controller */ = {
			isa = PBXGroup;
			children = (
				A28BB9CE25A7662D006B5B37 /* DetalhesFilmeViewController.swift */,
			);
			path = Controller;
			sourceTree = "<group>";
		};
		A28BB9CB25A765B8006B5B37 /* View */ = {
			isa = PBXGroup;
			children = (
			);
			path = View;
			sourceTree = "<group>";
		};
		A2E4B29825A73E4700A86821 = {
			isa = PBXGroup;
			children = (
				A2E4B2A325A73E4700A86821 /* StarMovies */,
				A2E4B2A225A73E4700A86821 /* Products */,
				57DEFCBEA9B2747DE078A72D /* Pods */,
				784BC304F577CBF748568F3B /* Frameworks */,
			);
			sourceTree = "<group>";
		};
		A2E4B2A225A73E4700A86821 /* Products */ = {
			isa = PBXGroup;
			children = (
				A2E4B2A125A73E4700A86821 /* StarMovies.app */,
			);
			name = Products;
			sourceTree = "<group>";
		};
		A2E4B2A325A73E4700A86821 /* StarMovies */ = {
			isa = PBXGroup;
			children = (
				A281BAD825A78060007FD0F4 /* Assets */,
				A281BAD525A76E5B007FD0F4 /* Model */,
				A28BB9C925A76578006B5B37 /* DetalhesFilme */,
				A2E4B2B925A73EB800A86821 /* Filmes */,
				A2E4B2A425A73E4700A86821 /* AppDelegate.swift */,
				A2E4B2A625A73E4700A86821 /* ViewController.swift */,
				A2E4B2A825A73E4700A86821 /* Main.storyboard */,
				A2E4B2AE25A73E4B00A86821 /* Assets.xcassets */,
				A2E4B2B025A73E4B00A86821 /* LaunchScreen.storyboard */,
				A2E4B2B325A73E4B00A86821 /* Info.plist */,
				A2E4B2AB25A73E4700A86821 /* StarMovies.xcdatamodeld */,
			);
			path = StarMovies;
			sourceTree = "<group>";
		};
		A2E4B2B925A73EB800A86821 /* Filmes */ = {
			isa = PBXGroup;
			children = (
				A2E4B2BE25A740C400A86821 /* Model */,
				A2E4B2BB25A73EFA00A86821 /* Controller */,
				A2E4B2BA25A73EF300A86821 /* View */,
			);
			path = Filmes;
			sourceTree = "<group>";
		};
		A2E4B2BA25A73EF300A86821 /* View */ = {
			isa = PBXGroup;
			children = (
				A2E4B2C125A74C7400A86821 /* FilmeCollectionViewCell.swift */,
			);
			path = View;
			sourceTree = "<group>";
		};
		A2E4B2BB25A73EFA00A86821 /* Controller */ = {
			isa = PBXGroup;
			children = (
				A2E4B2BC25A73F2700A86821 /* TendenciasFilmesViewController.swift */,
			);
			path = Controller;
			sourceTree = "<group>";
		};
		A2E4B2BE25A740C400A86821 /* Model */ = {
			isa = PBXGroup;
			children = (
				A2E4B2BF25A740D700A86821 /* FilmeAPI.swift */,
			);
			path = Model;
			sourceTree = "<group>";
		};
/* End PBXGroup section */

/* Begin PBXNativeTarget section */
		A2E4B2A025A73E4700A86821 /* StarMovies */ = {
			isa = PBXNativeTarget;
			buildConfigurationList = A2E4B2B625A73E4B00A86821 /* Build configuration list for PBXNativeTarget "StarMovies" */;
			buildPhases = (
				24AEE1EC97E836FE5741C59F /* [CP] Check Pods Manifest.lock */,
				A2E4B29D25A73E4700A86821 /* Sources */,
				A2E4B29E25A73E4700A86821 /* Frameworks */,
				A2E4B29F25A73E4700A86821 /* Resources */,
				9097DE064D5C7097AFF257A9 /* [CP] Embed Pods Frameworks */,
			);
			buildRules = (
			);
			dependencies = (
			);
			name = StarMovies;
			productName = StarMovies;
			productReference = A2E4B2A125A73E4700A86821 /* StarMovies.app */;
			productType = "com.apple.product-type.application";
		};
/* End PBXNativeTarget section */

/* Begin PBXProject section */
		A2E4B29925A73E4700A86821 /* Project object */ = {
			isa = PBXProject;
			attributes = {
				LastSwiftUpdateCheck = 1010;
				LastUpgradeCheck = 1010;
				ORGANIZATIONNAME = "Pedro Spim Costa";
				TargetAttributes = {
					A2E4B2A025A73E4700A86821 = {
						CreatedOnToolsVersion = 10.1;
					};
				};
			};
			buildConfigurationList = A2E4B29C25A73E4700A86821 /* Build configuration list for PBXProject "StarMovies" */;
			compatibilityVersion = "Xcode 9.3";
			developmentRegion = en;
			hasScannedForEncodings = 0;
			knownRegions = (
				en,
				Base,
			);
			mainGroup = A2E4B29825A73E4700A86821;
			productRefGroup = A2E4B2A225A73E4700A86821 /* Products */;
			projectDirPath = "";
			projectRoot = "";
			targets = (
				A2E4B2A025A73E4700A86821 /* StarMovies */,
			);
		};
/* End PBXProject section */

/* Begin PBXResourcesBuildPhase section */
		A2E4B29F25A73E4700A86821 /* Resources */ = {
			isa = PBXResourcesBuildPhase;
			buildActionMask = 2147483647;
			files = (
				A2E4B2B225A73E4B00A86821 /* LaunchScreen.storyboard in Resources */,
				A2E4B2AF25A73E4B00A86821 /* Assets.xcassets in Resources */,
				A281BADA25A7806D007FD0F4 /* estrela.png in Resources */,
				A2E4B2AA25A73E4700A86821 /* Main.storyboard in Resources */,
			);
			runOnlyForDeploymentPostprocessing = 0;
		};
/* End PBXResourcesBuildPhase section */

/* Begin PBXShellScriptBuildPhase section */
		24AEE1EC97E836FE5741C59F /* [CP] Check Pods Manifest.lock */ = {
			isa = PBXShellScriptBuildPhase;
			buildActionMask = 2147483647;
			files = (
			);
			inputPaths = (
				"${PODS_PODFILE_DIR_PATH}/Podfile.lock",
				"${PODS_ROOT}/Manifest.lock",
			);
			name = "[CP] Check Pods Manifest.lock";
			outputPaths = (
				"$(DERIVED_FILE_DIR)/Pods-StarMovies-checkManifestLockResult.txt",
			);
			runOnlyForDeploymentPostprocessing = 0;
			shellPath = /bin/sh;
			shellScript = "diff \"${PODS_PODFILE_DIR_PATH}/Podfile.lock\" \"${PODS_ROOT}/Manifest.lock\" > /dev/null\nif [ $? != 0 ] ; then\n    # print error to STDERR\n    echo \"error: The sandbox is not in sync with the Podfile.lock. Run 'pod install' or update your CocoaPods installation.\" >&2\n    exit 1\nfi\n# This output is used by Xcode 'outputs' to avoid re-running this script phase.\necho \"SUCCESS\" > \"${SCRIPT_OUTPUT_FILE_0}\"\n";
			showEnvVarsInLog = 0;
		};
		9097DE064D5C7097AFF257A9 /* [CP] Embed Pods Frameworks */ = {
			isa = PBXShellScriptBuildPhase;
			buildActionMask = 2147483647;
			files = (
			);
			inputPaths = (
				"${SRCROOT}/Pods/Target Support Files/Pods-StarMovies/Pods-StarMovies-frameworks.sh",
				"${BUILT_PRODUCTS_DIR}/Alamofire/Alamofire.framework",
				"${BUILT_PRODUCTS_DIR}/AlamofireImage/AlamofireImage.framework",
			);
			name = "[CP] Embed Pods Frameworks";
			outputPaths = (
				"${TARGET_BUILD_DIR}/${FRAMEWORKS_FOLDER_PATH}/Alamofire.framework",
				"${TARGET_BUILD_DIR}/${FRAMEWORKS_FOLDER_PATH}/AlamofireImage.framework",
			);
			runOnlyForDeploymentPostprocessing = 0;
			shellPath = /bin/sh;
			shellScript = "\"${SRCROOT}/Pods/Target Support Files/Pods-StarMovies/Pods-StarMovies-frameworks.sh\"\n";
			showEnvVarsInLog = 0;
		};
/* End PBXShellScriptBuildPhase section */

/* Begin PBXSourcesBuildPhase section */
		A2E4B29D25A73E4700A86821 /* Sources */ = {
			isa = PBXSourcesBuildPhase;
			buildActionMask = 2147483647;
			files = (
				A2E4B2C225A74C7400A86821 /* FilmeCollectionViewCell.swift in Sources */,
				A2E4B2BD25A73F2700A86821 /* TendenciasFilmesViewController.swift in Sources */,
				A2E4B2AD25A73E4700A86821 /* StarMovies.xcdatamodeld in Sources */,
				A281BAD725A76E86007FD0F4 /* Filme.swift in Sources */,
				A2E4B2C025A740D700A86821 /* FilmeAPI.swift in Sources */,
				A2E4B2A725A73E4700A86821 /* ViewController.swift in Sources */,
				A28BB9CF25A7662D006B5B37 /* DetalhesFilmeViewController.swift in Sources */,
				A2E4B2A525A73E4700A86821 /* AppDelegate.swift in Sources */,
			);
			runOnlyForDeploymentPostprocessing = 0;
		};
/* End PBXSourcesBuildPhase section */

/* Begin PBXVariantGroup section */
		A2E4B2A825A73E4700A86821 /* Main.storyboard */ = {
			isa = PBXVariantGroup;
			children = (
				A2E4B2A925A73E4700A86821 /* Base */,
			);
			name = Main.storyboard;
			sourceTree = "<group>";
		};
		A2E4B2B025A73E4B00A86821 /* LaunchScreen.storyboard */ = {
			isa = PBXVariantGroup;
			children = (
				A2E4B2B125A73E4B00A86821 /* Base */,
			);
			name = LaunchScreen.storyboard;
			sourceTree = "<group>";
		};
/* End PBXVariantGroup section */

/* Begin XCBuildConfiguration section */
		A2E4B2B425A73E4B00A86821 /* Debug */ = {
			isa = XCBuildConfiguration;
			buildSettings = {
				ALWAYS_SEARCH_USER_PATHS = NO;
				CLANG_ANALYZER_NONNULL = YES;
				CLANG_ANALYZER_NUMBER_OBJECT_CONVERSION = YES_AGGRESSIVE;
				CLANG_CXX_LANGUAGE_STANDARD = "gnu++14";
				CLANG_CXX_LIBRARY = "libc++";
				CLANG_ENABLE_MODULES = YES;
				CLANG_ENABLE_OBJC_ARC = YES;
				CLANG_ENABLE_OBJC_WEAK = YES;
				CLANG_WARN_BLOCK_CAPTURE_AUTORELEASING = YES;
				CLANG_WARN_BOOL_CONVERSION = YES;
				CLANG_WARN_COMMA = YES;
				CLANG_WARN_CONSTANT_CONVERSION = YES;
				CLANG_WARN_DEPRECATED_OBJC_IMPLEMENTATIONS = YES;
				CLANG_WARN_DIRECT_OBJC_ISA_USAGE = YES_ERROR;
				CLANG_WARN_DOCUMENTATION_COMMENTS = YES;
				CLANG_WARN_EMPTY_BODY = YES;
				CLANG_WARN_ENUM_CONVERSION = YES;
				CLANG_WARN_INFINITE_RECURSION = YES;
				CLANG_WARN_INT_CONVERSION = YES;
				CLANG_WARN_NON_LITERAL_NULL_CONVERSION = YES;
				CLANG_WARN_OBJC_IMPLICIT_RETAIN_SELF = YES;
				CLANG_WARN_OBJC_LITERAL_CONVERSION = YES;
				CLANG_WARN_OBJC_ROOT_CLASS = YES_ERROR;
				CLANG_WARN_RANGE_LOOP_ANALYSIS = YES;
				CLANG_WARN_STRICT_PROTOTYPES = YES;
				CLANG_WARN_SUSPICIOUS_MOVE = YES;
				CLANG_WARN_UNGUARDED_AVAILABILITY = YES_AGGRESSIVE;
				CLANG_WARN_UNREACHABLE_CODE = YES;
				CLANG_WARN__DUPLICATE_METHOD_MATCH = YES;
				CODE_SIGN_IDENTITY = "iPhone Developer";
				COPY_PHASE_STRIP = NO;
				DEBUG_INFORMATION_FORMAT = dwarf;
				ENABLE_STRICT_OBJC_MSGSEND = YES;
				ENABLE_TESTABILITY = YES;
				GCC_C_LANGUAGE_STANDARD = gnu11;
				GCC_DYNAMIC_NO_PIC = NO;
				GCC_NO_COMMON_BLOCKS = YES;
				GCC_OPTIMIZATION_LEVEL = 0;
				GCC_PREPROCESSOR_DEFINITIONS = (
					"DEBUG=1",
					"$(inherited)",
				);
				GCC_WARN_64_TO_32_BIT_CONVERSION = YES;
				GCC_WARN_ABOUT_RETURN_TYPE = YES_ERROR;
				GCC_WARN_UNDECLARED_SELECTOR = YES;
				GCC_WARN_UNINITIALIZED_AUTOS = YES_AGGRESSIVE;
				GCC_WARN_UNUSED_FUNCTION = YES;
				GCC_WARN_UNUSED_VARIABLE = YES;
				IPHONEOS_DEPLOYMENT_TARGET = 12.1;
				MTL_ENABLE_DEBUG_INFO = INCLUDE_SOURCE;
				MTL_FAST_MATH = YES;
				ONLY_ACTIVE_ARCH = YES;
				SDKROOT = iphoneos;
				SWIFT_ACTIVE_COMPILATION_CONDITIONS = DEBUG;
				SWIFT_OPTIMIZATION_LEVEL = "-Onone";
			};
			name = Debug;
		};
		A2E4B2B525A73E4B00A86821 /* Release */ = {
			isa = XCBuildConfiguration;
			buildSettings = {
				ALWAYS_SEARCH_USER_PATHS = NO;
				CLANG_ANALYZER_NONNULL = YES;
				CLANG_ANALYZER_NUMBER_OBJECT_CONVERSION = YES_AGGRESSIVE;
				CLANG_CXX_LANGUAGE_STANDARD = "gnu++14";
				CLANG_CXX_LIBRARY = "libc++";
				CLANG_ENABLE_MODULES = YES;
				CLANG_ENABLE_OBJC_ARC = YES;
				CLANG_ENABLE_OBJC_WEAK = YES;
				CLANG_WARN_BLOCK_CAPTURE_AUTORELEASING = YES;
				CLANG_WARN_BOOL_CONVERSION = YES;
				CLANG_WARN_COMMA = YES;
				CLANG_WARN_CONSTANT_CONVERSION = YES;
				CLANG_WARN_DEPRECATED_OBJC_IMPLEMENTATIONS = YES;
				CLANG_WARN_DIRECT_OBJC_ISA_USAGE = YES_ERROR;
				CLANG_WARN_DOCUMENTATION_COMMENTS = YES;
				CLANG_WARN_EMPTY_BODY = YES;
				CLANG_WARN_ENUM_CONVERSION = YES;
				CLANG_WARN_INFINITE_RECURSION = YES;
				CLANG_WARN_INT_CONVERSION = YES;
				CLANG_WARN_NON_LITERAL_NULL_CONVERSION = YES;
				CLANG_WARN_OBJC_IMPLICIT_RETAIN_SELF = YES;
				CLANG_WARN_OBJC_LITERAL_CONVERSION = YES;
				CLANG_WARN_OBJC_ROOT_CLASS = YES_ERROR;
				CLANG_WARN_RANGE_LOOP_ANALYSIS = YES;
				CLANG_WARN_STRICT_PROTOTYPES = YES;
				CLANG_WARN_SUSPICIOUS_MOVE = YES;
				CLANG_WARN_UNGUARDED_AVAILABILITY = YES_AGGRESSIVE;
				CLANG_WARN_UNREACHABLE_CODE = YES;
				CLANG_WARN__DUPLICATE_METHOD_MATCH = YES;
				CODE_SIGN_IDENTITY = "iPhone Developer";
				COPY_PHASE_STRIP = NO;
				DEBUG_INFORMATION_FORMAT = "dwarf-with-dsym";
				ENABLE_NS_ASSERTIONS = NO;
				ENABLE_STRICT_OBJC_MSGSEND = YES;
				GCC_C_LANGUAGE_STANDARD = gnu11;
				GCC_NO_COMMON_BLOCKS = YES;
				GCC_WARN_64_TO_32_BIT_CONVERSION = YES;
				GCC_WARN_ABOUT_RETURN_TYPE = YES_ERROR;
				GCC_WARN_UNDECLARED_SELECTOR = YES;
				GCC_WARN_UNINITIALIZED_AUTOS = YES_AGGRESSIVE;
				GCC_WARN_UNUSED_FUNCTION = YES;
				GCC_WARN_UNUSED_VARIABLE = YES;
				IPHONEOS_DEPLOYMENT_TARGET = 12.1;
				MTL_ENABLE_DEBUG_INFO = NO;
				MTL_FAST_MATH = YES;
				SDKROOT = iphoneos;
				SWIFT_COMPILATION_MODE = wholemodule;
				SWIFT_OPTIMIZATION_LEVEL = "-O";
				VALIDATE_PRODUCT = YES;
			};
			name = Release;
		};
		A2E4B2B725A73E4B00A86821 /* Debug */ = {
			isa = XCBuildConfiguration;
			baseConfigurationReference = 81A418E57EE7942AF2E3DAEB /* Pods-StarMovies.debug.xcconfig */;
			buildSettings = {
				ASSETCATALOG_COMPILER_APPICON_NAME = AppIcon;
				CODE_SIGN_STYLE = Manual;
				DEVELOPMENT_TEAM = "";
				INFOPLIST_FILE = StarMovies/Info.plist;
				LD_RUNPATH_SEARCH_PATHS = (
					"$(inherited)",
					"@executable_path/Frameworks",
				);
				PRODUCT_BUNDLE_IDENTIFIER = pedrospim.StarMovies;
				PRODUCT_NAME = "$(TARGET_NAME)";
				PROVISIONING_PROFILE_SPECIFIER = "";
				SWIFT_VERSION = 4.2;
				TARGETED_DEVICE_FAMILY = "1,2";
			};
			name = Debug;
		};
		A2E4B2B825A73E4B00A86821 /* Release */ = {
			isa = XCBuildConfiguration;
			baseConfigurationReference = A9CB8883844C9ACAD6C65857 /* Pods-StarMovies.release.xcconfig */;
			buildSettings = {
				ASSETCATALOG_COMPILER_APPICON_NAME = AppIcon;
				CODE_SIGN_STYLE = Manual;
				DEVELOPMENT_TEAM = "";
				INFOPLIST_FILE = StarMovies/Info.plist;
				LD_RUNPATH_SEARCH_PATHS = (
					"$(inherited)",
					"@executable_path/Frameworks",
				);
				PRODUCT_BUNDLE_IDENTIFIER = pedrospim.StarMovies;
				PRODUCT_NAME = "$(TARGET_NAME)";
				PROVISIONING_PROFILE_SPECIFIER = "";
				SWIFT_VERSION = 4.2;
				TARGETED_DEVICE_FAMILY = "1,2";
			};
			name = Release;
		};
/* End XCBuildConfiguration section */

/* Begin XCConfigurationList section */
		A2E4B29C25A73E4700A86821 /* Build configuration list for PBXProject "StarMovies" */ = {
			isa = XCConfigurationList;
			buildConfigurations = (
				A2E4B2B425A73E4B00A86821 /* Debug */,
				A2E4B2B525A73E4B00A86821 /* Release */,
			);
			defaultConfigurationIsVisible = 0;
			defaultConfigurationName = Release;
		};
		A2E4B2B625A73E4B00A86821 /* Build configuration list for PBXNativeTarget "StarMovies" */ = {
			isa = XCConfigurationList;
			buildConfigurations = (
				A2E4B2B725A73E4B00A86821 /* Debug */,
				A2E4B2B825A73E4B00A86821 /* Release */,
			);
			defaultConfigurationIsVisible = 0;
			defaultConfigurationName = Release;
		};
/* End XCConfigurationList section */

/* Begin XCVersionGroup section */
		A2E4B2AB25A73E4700A86821 /* StarMovies.xcdatamodeld */ = {
			isa = XCVersionGroup;
			children = (
				A2E4B2AC25A73E4700A86821 /* StarMovies.xcdatamodel */,
			);
			currentVersion = A2E4B2AC25A73E4700A86821 /* StarMovies.xcdatamodel */;
			path = StarMovies.xcdatamodeld;
			sourceTree = "<group>";
			versionGroupType = wrapper.xcdatamodel;
		};
/* End XCVersionGroup section */
	};
	rootObject = A2E4B29925A73E4700A86821 /* Project object */;
}
